// !$*UTF8*$!
{
	archiveVersion = 1;
	classes = {
	};
	objectVersion = 56;
	objects = {

/* Begin PBXBuildFile section */
		4627195A2D02022E0071A52D /* ProxyService.h in Headers */ = {isa = PBXBuildFile; fileRef = 462719592D02022E0071A52D /* ProxyService.h */; settings = {ATTRIBUTES = (Public, ); }; };
		4627195D2D02022E0071A52D /* ProxyService.framework in Frameworks */ = {isa = PBXBuildFile; fileRef = 462719572D02022E0071A52D /* ProxyService.framework */; };
		4627195E2D02022E0071A52D /* ProxyService.framework in Embed Frameworks */ = {isa = PBXBuildFile; fileRef = 462719572D02022E0071A52D /* ProxyService.framework */; settings = {ATTRIBUTES = (CodeSignOnCopy, RemoveHeadersOnCopy, ); }; };
		462719842D02025B0071A52D /* LocalService.swift in Sources */ = {isa = PBXBuildFile; fileRef = 462719632D02025B0071A52D /* LocalService.swift */; };
		462719852D02025B0071A52D /* CertUtils.swift in Sources */ = {isa = PBXBuildFile; fileRef = 462719642D02025B0071A52D /* CertUtils.swift */; };
		462719862D02025B0071A52D /* JSONSerializer.swift in Sources */ = {isa = PBXBuildFile; fileRef = 462719652D02025B0071A52D /* JSONSerializer.swift */; };
		462719872D02025B0071A52D /* NetworkInfo.swift in Sources */ = {isa = PBXBuildFile; fileRef = 462719662D02025B0071A52D /* NetworkInfo.swift */; };
		462719882D02025B0071A52D /* ProxyContext.swift in Sources */ = {isa = PBXBuildFile; fileRef = 462719672D02025B0071A52D /* ProxyContext.swift */; };
		462719892D02025B0071A52D /* ProxyRequest.swift in Sources */ = {isa = PBXBuildFile; fileRef = 462719682D02025B0071A52D /* ProxyRequest.swift */; };
		4627198A2D02025B0071A52D /* CheckCert.swift in Sources */ = {isa = PBXBuildFile; fileRef = 4627196A2D02025B0071A52D /* CheckCert.swift */; };
		4627198B2D02025B0071A52D /* ChannelWatchHandler.swift in Sources */ = {isa = PBXBuildFile; fileRef = 4627196B2D02025B0071A52D /* ChannelWatchHandler.swift */; };
		4627198C2D02025B0071A52D /* ExchangeHandler.swift in Sources */ = {isa = PBXBuildFile; fileRef = 4627196C2D02025B0071A52D /* ExchangeHandler.swift */; };
		4627198D2D02025B0071A52D /* HTTPHandler.swift in Sources */ = {isa = PBXBuildFile; fileRef = 4627196D2D02025B0071A52D /* HTTPHandler.swift */; };
		4627198E2D02025B0071A52D /* HTTPServerHandler.swift in Sources */ = {isa = PBXBuildFile; fileRef = 4627196E2D02025B0071A52D /* HTTPServerHandler.swift */; };
		4627198F2D02025B0071A52D /* HTTPSHandler.swift in Sources */ = {isa = PBXBuildFile; fileRef = 4627196F2D02025B0071A52D /* HTTPSHandler.swift */; };
		462719902D02025B0071A52D /* SSLHandler.swift in Sources */ = {isa = PBXBuildFile; fileRef = 462719702D02025B0071A52D /* SSLHandler.swift */; };
		462719912D02025B0071A52D /* TunnelProxyHandler.swift in Sources */ = {isa = PBXBuildFile; fileRef = 462719712D02025B0071A52D /* TunnelProxyHandler.swift */; };
		462719922D02025B0071A52D /* HTTPMatcher.swift in Sources */ = {isa = PBXBuildFile; fileRef = 462719732D02025B0071A52D /* HTTPMatcher.swift */; };
		462719932D02025B0071A52D /* HTTPSMatcher.swift in Sources */ = {isa = PBXBuildFile; fileRef = 462719742D02025B0071A52D /* HTTPSMatcher.swift */; };
		462719942D02025B0071A52D /* Matcher.swift in Sources */ = {isa = PBXBuildFile; fileRef = 462719752D02025B0071A52D /* Matcher.swift */; };
		462719952D02025B0071A52D /* ProtocolDetector.swift in Sources */ = {isa = PBXBuildFile; fileRef = 462719762D02025B0071A52D /* ProtocolDetector.swift */; };
		462719962D02025B0071A52D /* ProxyService.swift in Sources */ = {isa = PBXBuildFile; fileRef = 462719782D02025B0071A52D /* ProxyService.swift */; };
		462719982D02025B0071A52D /* Session.swift in Sources */ = {isa = PBXBuildFile; fileRef = 4627197A2D02025B0071A52D /* Session.swift */; };
		462719992D02025B0071A52D /* Task.swift in Sources */ = {isa = PBXBuildFile; fileRef = 4627197B2D02025B0071A52D /* Task.swift */; };
		4627199A2D02025B0071A52D /* TaskRule.swift in Sources */ = {isa = PBXBuildFile; fileRef = 4627197C2D02025B0071A52D /* TaskRule.swift */; };
		4627199B2D02025B0071A52D /* Data+Compression.swift in Sources */ = {isa = PBXBuildFile; fileRef = 4627197E2D02025B0071A52D /* Data+Compression.swift */; };
		4627199C2D02025B0071A52D /* Data+Gzip.swift in Sources */ = {isa = PBXBuildFile; fileRef = 4627197F2D02025B0071A52D /* Data+Gzip.swift */; };
		4627199D2D02025B0071A52D /* Date+Extension.swift in Sources */ = {isa = PBXBuildFile; fileRef = 462719802D02025B0071A52D /* Date+Extension.swift */; };
		4627199E2D02025B0071A52D /* Dictionary+Json.swift in Sources */ = {isa = PBXBuildFile; fileRef = 462719812D02025B0071A52D /* Dictionary+Json.swift */; };
		4627199F2D02025B0071A52D /* String+Extension.swift in Sources */ = {isa = PBXBuildFile; fileRef = 462719822D02025B0071A52D /* String+Extension.swift */; };
		463180FC2D02CED000A1E6A1 /* NIO in Frameworks */ = {isa = PBXBuildFile; productRef = 463180FB2D02CED000A1E6A1 /* NIO */; };
		463180FE2D02CED000A1E6A1 /* NIOCore in Frameworks */ = {isa = PBXBuildFile; productRef = 463180FD2D02CED000A1E6A1 /* NIOCore */; };
		463181002D02CED000A1E6A1 /* NIOEmbedded in Frameworks */ = {isa = PBXBuildFile; productRef = 463180FF2D02CED000A1E6A1 /* NIOEmbedded */; };
		463181022D02CED000A1E6A1 /* NIOFoundationCompat in Frameworks */ = {isa = PBXBuildFile; productRef = 463181012D02CED000A1E6A1 /* NIOFoundationCompat */; };
		463181042D02CED000A1E6A1 /* NIOHTTP1 in Frameworks */ = {isa = PBXBuildFile; productRef = 463181032D02CED000A1E6A1 /* NIOHTTP1 */; };
		463181062D02CED000A1E6A1 /* NIOWebSocket in Frameworks */ = {isa = PBXBuildFile; productRef = 463181052D02CED000A1E6A1 /* NIOWebSocket */; };
		463181092D02CEE100A1E6A1 /* NIOSSL in Frameworks */ = {isa = PBXBuildFile; productRef = 463181082D02CEE100A1E6A1 /* NIOSSL */; };
		4631810C2D02CF1000A1E6A1 /* Reachability in Frameworks */ = {isa = PBXBuildFile; productRef = 4631810B2D02CF1000A1E6A1 /* Reachability */; };
		4631810F2D02CF2000A1E6A1 /* SwiftyJSON in Frameworks */ = {isa = PBXBuildFile; productRef = 4631810E2D02CF2000A1E6A1 /* SwiftyJSON */; };
		463181132D02D03700A1E6A1 /* HostFilterTabViewController.swift in Sources */ = {isa = PBXBuildFile; fileRef = 463181102D02D03700A1E6A1 /* HostFilterTabViewController.swift */; };
		463181142D02D03700A1E6A1 /* HostFilterViewController.swift in Sources */ = {isa = PBXBuildFile; fileRef = 463181112D02D03700A1E6A1 /* HostFilterViewController.swift */; };
		463181282D02D7FB00A1E6A1 /* Database.h in Headers */ = {isa = PBXBuildFile; fileRef = 463181272D02D7FB00A1E6A1 /* Database.h */; settings = {ATTRIBUTES = (Public, ); }; };
		4631812B2D02D7FB00A1E6A1 /* Database.framework in Frameworks */ = {isa = PBXBuildFile; fileRef = 463181252D02D7FB00A1E6A1 /* Database.framework */; };
		4631812C2D02D7FB00A1E6A1 /* Database.framework in Embed Frameworks */ = {isa = PBXBuildFile; fileRef = 463181252D02D7FB00A1E6A1 /* Database.framework */; settings = {ATTRIBUTES = (CodeSignOnCopy, RemoveHeadersOnCopy, ); }; };
		463181312D02D81400A1E6A1 /* SQLite in Frameworks */ = {isa = PBXBuildFile; productRef = 463181302D02D81400A1E6A1 /* SQLite */; };
		463181342D02D83E00A1E6A1 /* DatabaseTable.swift in Sources */ = {isa = PBXBuildFile; fileRef = 463181332D02D83E00A1E6A1 /* DatabaseTable.swift */; };
		463181362D02D88000A1E6A1 /* DatabaseManager.swift in Sources */ = {isa = PBXBuildFile; fileRef = 463181352D02D88000A1E6A1 /* DatabaseManager.swift */; };
		463181382D02D8C600A1E6A1 /* HostFilterTable.swift in Sources */ = {isa = PBXBuildFile; fileRef = 463181372D02D8C600A1E6A1 /* HostFilterTable.swift */; };
		4631813A2D02DAB500A1E6A1 /* Database.framework in Frameworks */ = {isa = PBXBuildFile; fileRef = 463181252D02D7FB00A1E6A1 /* Database.framework */; };
		4631813B2D02DAB500A1E6A1 /* Database.framework in Embed Frameworks */ = {isa = PBXBuildFile; fileRef = 463181252D02D7FB00A1E6A1 /* Database.framework */; settings = {ATTRIBUTES = (CodeSignOnCopy, RemoveHeadersOnCopy, ); }; };
		4642E7052CEA25AE00A29AAD /* AppDelegate.swift in Sources */ = {isa = PBXBuildFile; fileRef = 4642E7042CEA25AE00A29AAD /* AppDelegate.swift */; };
		4642E7072CEA25AE00A29AAD /* SceneDelegate.swift in Sources */ = {isa = PBXBuildFile; fileRef = 4642E7062CEA25AE00A29AAD /* SceneDelegate.swift */; };
		4642E7092CEA25AE00A29AAD /* ViewController.swift in Sources */ = {isa = PBXBuildFile; fileRef = 4642E7082CEA25AE00A29AAD /* ViewController.swift */; };
		4642E70E2CEA25AF00A29AAD /* Assets.xcassets in Resources */ = {isa = PBXBuildFile; fileRef = 4642E70D2CEA25AF00A29AAD /* Assets.xcassets */; };
		4642E7112CEA25AF00A29AAD /* Base in Resources */ = {isa = PBXBuildFile; fileRef = 4642E7102CEA25AF00A29AAD /* Base */; };
		4642E71B2CEA279100A29AAD /* MainViewController.swift in Sources */ = {isa = PBXBuildFile; fileRef = 4642E71A2CEA279100A29AAD /* MainViewController.swift */; };
		4642E71F2CEA282D00A29AAD /* DynamicButton in Frameworks */ = {isa = PBXBuildFile; productRef = 4642E71E2CEA282D00A29AAD /* DynamicButton */; };
		4642E7222CEA29E300A29AAD /* SnapKit in Frameworks */ = {isa = PBXBuildFile; productRef = 4642E7212CEA29E300A29AAD /* SnapKit */; };
		4642E7252CEA2A0D00A29AAD /* Then in Frameworks */ = {isa = PBXBuildFile; productRef = 4642E7242CEA2A0D00A29AAD /* Then */; };
		4642E7282CEA485100A29AAD /* BoxCell.swift in Sources */ = {isa = PBXBuildFile; fileRef = 4642E7272CEA485100A29AAD /* BoxCell.swift */; };
		4642E72A2CEA488000A29AAD /* FloatTabBarController.swift in Sources */ = {isa = PBXBuildFile; fileRef = 4642E7292CEA488000A29AAD /* FloatTabBarController.swift */; };
		4642E72C2CEA489F00A29AAD /* FloatTabBar.swift in Sources */ = {isa = PBXBuildFile; fileRef = 4642E72B2CEA489F00A29AAD /* FloatTabBar.swift */; };
		4642E72E2CEA48C200A29AAD /* GradientView.swift in Sources */ = {isa = PBXBuildFile; fileRef = 4642E72D2CEA48C200A29AAD /* GradientView.swift */; };
		4642E7302CEA48DE00A29AAD /* CollectionHeaderView.swift in Sources */ = {isa = PBXBuildFile; fileRef = 4642E72F2CEA48DE00A29AAD /* CollectionHeaderView.swift */; };
		469421732CF721D70004FE29 /* SwiftyFORM in Frameworks */ = {isa = PBXBuildFile; productRef = 469421722CF721D70004FE29 /* SwiftyFORM */; };
		469421802CF86EF90004FE29 /* Tabman in Frameworks */ = {isa = PBXBuildFile; productRef = 4694217F2CF86EF90004FE29 /* Tabman */; };
		46BF6F5E2CF23B78009C24BA /* Lottie in Frameworks */ = {isa = PBXBuildFile; productRef = 46BF6F5D2CF23B78009C24BA /* Lottie */; };
		46D954782D07EB2200F21B7D /* SessionTable.swift in Sources */ = {isa = PBXBuildFile; fileRef = 46D954772D07EB2200F21B7D /* SessionTable.swift */; };
		46D9547D2D09390700F21B7D /* LogViewController.swift in Sources */ = {isa = PBXBuildFile; fileRef = 46D9547C2D09390700F21B7D /* LogViewController.swift */; };
		46D954802D09399700F21B7D /* LogTableViewCell.swift in Sources */ = {isa = PBXBuildFile; fileRef = 46D9547F2D09399700F21B7D /* LogTableViewCell.swift */; };
/* End PBXBuildFile section */

/* Begin PBXContainerItemProxy section */
		4627195B2D02022E0071A52D /* PBXContainerItemProxy */ = {
			isa = PBXContainerItemProxy;
			containerPortal = 4642E6F92CEA25AE00A29AAD /* Project object */;
			proxyType = 1;
			remoteGlobalIDString = 462719562D02022E0071A52D;
			remoteInfo = ProxyService;
		};
		463181292D02D7FB00A1E6A1 /* PBXContainerItemProxy */ = {
			isa = PBXContainerItemProxy;
			containerPortal = 4642E6F92CEA25AE00A29AAD /* Project object */;
			proxyType = 1;
			remoteGlobalIDString = 463181242D02D7FB00A1E6A1;
			remoteInfo = Database;
		};
		4631813C2D02DAB500A1E6A1 /* PBXContainerItemProxy */ = {
			isa = PBXContainerItemProxy;
			containerPortal = 4642E6F92CEA25AE00A29AAD /* Project object */;
			proxyType = 1;
			remoteGlobalIDString = 463181242D02D7FB00A1E6A1;
			remoteInfo = Database;
		};
/* End PBXContainerItemProxy section */

/* Begin PBXCopyFilesBuildPhase section */
		462719622D02022E0071A52D /* Embed Frameworks */ = {
			isa = PBXCopyFilesBuildPhase;
			buildActionMask = 2147483647;
			dstPath = "";
			dstSubfolderSpec = 10;
			files = (
				4627195E2D02022E0071A52D /* ProxyService.framework in Embed Frameworks */,
				4631812C2D02D7FB00A1E6A1 /* Database.framework in Embed Frameworks */,
			);
			name = "Embed Frameworks";
			runOnlyForDeploymentPostprocessing = 0;
		};
		4631813E2D02DAB500A1E6A1 /* Embed Frameworks */ = {
			isa = PBXCopyFilesBuildPhase;
			buildActionMask = 2147483647;
			dstPath = "";
			dstSubfolderSpec = 10;
			files = (
				4631813B2D02DAB500A1E6A1 /* Database.framework in Embed Frameworks */,
			);
			name = "Embed Frameworks";
			runOnlyForDeploymentPostprocessing = 0;
		};
/* End PBXCopyFilesBuildPhase section */

/* Begin PBXFileReference section */
		462719572D02022E0071A52D /* ProxyService.framework */ = {isa = PBXFileReference; explicitFileType = wrapper.framework; includeInIndex = 0; path = ProxyService.framework; sourceTree = BUILT_PRODUCTS_DIR; };
		462719592D02022E0071A52D /* ProxyService.h */ = {isa = PBXFileReference; lastKnownFileType = sourcecode.c.h; path = ProxyService.h; sourceTree = "<group>"; };
		462719632D02025B0071A52D /* LocalService.swift */ = {isa = PBXFileReference; fileEncoding = 4; lastKnownFileType = sourcecode.swift; path = LocalService.swift; sourceTree = "<group>"; };
		462719642D02025B0071A52D /* CertUtils.swift */ = {isa = PBXFileReference; fileEncoding = 4; lastKnownFileType = sourcecode.swift; path = CertUtils.swift; sourceTree = "<group>"; };
		462719652D02025B0071A52D /* JSONSerializer.swift */ = {isa = PBXFileReference; fileEncoding = 4; lastKnownFileType = sourcecode.swift; path = JSONSerializer.swift; sourceTree = "<group>"; };
		462719662D02025B0071A52D /* NetworkInfo.swift */ = {isa = PBXFileReference; fileEncoding = 4; lastKnownFileType = sourcecode.swift; path = NetworkInfo.swift; sourceTree = "<group>"; };
		462719672D02025B0071A52D /* ProxyContext.swift */ = {isa = PBXFileReference; fileEncoding = 4; lastKnownFileType = sourcecode.swift; path = ProxyContext.swift; sourceTree = "<group>"; };
		462719682D02025B0071A52D /* ProxyRequest.swift */ = {isa = PBXFileReference; fileEncoding = 4; lastKnownFileType = sourcecode.swift; path = ProxyRequest.swift; sourceTree = "<group>"; };
		4627196A2D02025B0071A52D /* CheckCert.swift */ = {isa = PBXFileReference; fileEncoding = 4; lastKnownFileType = sourcecode.swift; path = CheckCert.swift; sourceTree = "<group>"; };
		4627196B2D02025B0071A52D /* ChannelWatchHandler.swift */ = {isa = PBXFileReference; fileEncoding = 4; lastKnownFileType = sourcecode.swift; path = ChannelWatchHandler.swift; sourceTree = "<group>"; };
		4627196C2D02025B0071A52D /* ExchangeHandler.swift */ = {isa = PBXFileReference; fileEncoding = 4; lastKnownFileType = sourcecode.swift; path = ExchangeHandler.swift; sourceTree = "<group>"; };
		4627196D2D02025B0071A52D /* HTTPHandler.swift */ = {isa = PBXFileReference; fileEncoding = 4; lastKnownFileType = sourcecode.swift; path = HTTPHandler.swift; sourceTree = "<group>"; };
		4627196E2D02025B0071A52D /* HTTPServerHandler.swift */ = {isa = PBXFileReference; fileEncoding = 4; lastKnownFileType = sourcecode.swift; path = HTTPServerHandler.swift; sourceTree = "<group>"; };
		4627196F2D02025B0071A52D /* HTTPSHandler.swift */ = {isa = PBXFileReference; fileEncoding = 4; lastKnownFileType = sourcecode.swift; path = HTTPSHandler.swift; sourceTree = "<group>"; };
		462719702D02025B0071A52D /* SSLHandler.swift */ = {isa = PBXFileReference; fileEncoding = 4; lastKnownFileType = sourcecode.swift; path = SSLHandler.swift; sourceTree = "<group>"; };
		462719712D02025B0071A52D /* TunnelProxyHandler.swift */ = {isa = PBXFileReference; fileEncoding = 4; lastKnownFileType = sourcecode.swift; path = TunnelProxyHandler.swift; sourceTree = "<group>"; };
		462719732D02025B0071A52D /* HTTPMatcher.swift */ = {isa = PBXFileReference; fileEncoding = 4; lastKnownFileType = sourcecode.swift; path = HTTPMatcher.swift; sourceTree = "<group>"; };
		462719742D02025B0071A52D /* HTTPSMatcher.swift */ = {isa = PBXFileReference; fileEncoding = 4; lastKnownFileType = sourcecode.swift; path = HTTPSMatcher.swift; sourceTree = "<group>"; };
		462719752D02025B0071A52D /* Matcher.swift */ = {isa = PBXFileReference; fileEncoding = 4; lastKnownFileType = sourcecode.swift; path = Matcher.swift; sourceTree = "<group>"; };
		462719762D02025B0071A52D /* ProtocolDetector.swift */ = {isa = PBXFileReference; fileEncoding = 4; lastKnownFileType = sourcecode.swift; path = ProtocolDetector.swift; sourceTree = "<group>"; };
		462719782D02025B0071A52D /* ProxyService.swift */ = {isa = PBXFileReference; fileEncoding = 4; lastKnownFileType = sourcecode.swift; path = ProxyService.swift; sourceTree = "<group>"; };
		4627197A2D02025B0071A52D /* Session.swift */ = {isa = PBXFileReference; fileEncoding = 4; lastKnownFileType = sourcecode.swift; path = Session.swift; sourceTree = "<group>"; };
		4627197B2D02025B0071A52D /* Task.swift */ = {isa = PBXFileReference; fileEncoding = 4; lastKnownFileType = sourcecode.swift; path = Task.swift; sourceTree = "<group>"; };
		4627197C2D02025B0071A52D /* TaskRule.swift */ = {isa = PBXFileReference; fileEncoding = 4; lastKnownFileType = sourcecode.swift; path = TaskRule.swift; sourceTree = "<group>"; };
		4627197E2D02025B0071A52D /* Data+Compression.swift */ = {isa = PBXFileReference; fileEncoding = 4; lastKnownFileType = sourcecode.swift; path = "Data+Compression.swift"; sourceTree = "<group>"; };
		4627197F2D02025B0071A52D /* Data+Gzip.swift */ = {isa = PBXFileReference; fileEncoding = 4; lastKnownFileType = sourcecode.swift; path = "Data+Gzip.swift"; sourceTree = "<group>"; };
		462719802D02025B0071A52D /* Date+Extension.swift */ = {isa = PBXFileReference; fileEncoding = 4; lastKnownFileType = sourcecode.swift; path = "Date+Extension.swift"; sourceTree = "<group>"; };
		462719812D02025B0071A52D /* Dictionary+Json.swift */ = {isa = PBXFileReference; fileEncoding = 4; lastKnownFileType = sourcecode.swift; path = "Dictionary+Json.swift"; sourceTree = "<group>"; };
		462719822D02025B0071A52D /* String+Extension.swift */ = {isa = PBXFileReference; fileEncoding = 4; lastKnownFileType = sourcecode.swift; path = "String+Extension.swift"; sourceTree = "<group>"; };
		463181102D02D03700A1E6A1 /* HostFilterTabViewController.swift */ = {isa = PBXFileReference; fileEncoding = 4; lastKnownFileType = sourcecode.swift; path = HostFilterTabViewController.swift; sourceTree = "<group>"; };
		463181112D02D03700A1E6A1 /* HostFilterViewController.swift */ = {isa = PBXFileReference; fileEncoding = 4; lastKnownFileType = sourcecode.swift; path = HostFilterViewController.swift; sourceTree = "<group>"; };
		463181252D02D7FB00A1E6A1 /* Database.framework */ = {isa = PBXFileReference; explicitFileType = wrapper.framework; includeInIndex = 0; path = Database.framework; sourceTree = BUILT_PRODUCTS_DIR; };
		463181272D02D7FB00A1E6A1 /* Database.h */ = {isa = PBXFileReference; lastKnownFileType = sourcecode.c.h; path = Database.h; sourceTree = "<group>"; };
		463181332D02D83E00A1E6A1 /* DatabaseTable.swift */ = {isa = PBXFileReference; lastKnownFileType = sourcecode.swift; path = DatabaseTable.swift; sourceTree = "<group>"; };
		463181352D02D88000A1E6A1 /* DatabaseManager.swift */ = {isa = PBXFileReference; lastKnownFileType = sourcecode.swift; path = DatabaseManager.swift; sourceTree = "<group>"; };
		463181372D02D8C600A1E6A1 /* HostFilterTable.swift */ = {isa = PBXFileReference; lastKnownFileType = sourcecode.swift; path = HostFilterTable.swift; sourceTree = "<group>"; };
		4642E7012CEA25AE00A29AAD /* iFlow.app */ = {isa = PBXFileReference; explicitFileType = wrapper.application; includeInIndex = 0; path = iFlow.app; sourceTree = BUILT_PRODUCTS_DIR; };
		4642E7042CEA25AE00A29AAD /* AppDelegate.swift */ = {isa = PBXFileReference; lastKnownFileType = sourcecode.swift; path = AppDelegate.swift; sourceTree = "<group>"; };
		4642E7062CEA25AE00A29AAD /* SceneDelegate.swift */ = {isa = PBXFileReference; lastKnownFileType = sourcecode.swift; path = SceneDelegate.swift; sourceTree = "<group>"; };
		4642E7082CEA25AE00A29AAD /* ViewController.swift */ = {isa = PBXFileReference; lastKnownFileType = sourcecode.swift; path = ViewController.swift; sourceTree = "<group>"; };
		4642E70D2CEA25AF00A29AAD /* Assets.xcassets */ = {isa = PBXFileReference; lastKnownFileType = folder.assetcatalog; path = Assets.xcassets; sourceTree = "<group>"; };
		4642E7102CEA25AF00A29AAD /* Base */ = {isa = PBXFileReference; lastKnownFileType = file.storyboard; name = Base; path = Base.lproj/LaunchScreen.storyboard; sourceTree = "<group>"; };
		4642E7122CEA25AF00A29AAD /* Info.plist */ = {isa = PBXFileReference; lastKnownFileType = text.plist.xml; path = Info.plist; sourceTree = "<group>"; };
		4642E71A2CEA279100A29AAD /* MainViewController.swift */ = {isa = PBXFileReference; lastKnownFileType = sourcecode.swift; path = MainViewController.swift; sourceTree = "<group>"; };
		4642E7272CEA485100A29AAD /* BoxCell.swift */ = {isa = PBXFileReference; lastKnownFileType = sourcecode.swift; path = BoxCell.swift; sourceTree = "<group>"; };
		4642E7292CEA488000A29AAD /* FloatTabBarController.swift */ = {isa = PBXFileReference; lastKnownFileType = sourcecode.swift; path = FloatTabBarController.swift; sourceTree = "<group>"; };
		4642E72B2CEA489F00A29AAD /* FloatTabBar.swift */ = {isa = PBXFileReference; lastKnownFileType = sourcecode.swift; path = FloatTabBar.swift; sourceTree = "<group>"; };
		4642E72D2CEA48C200A29AAD /* GradientView.swift */ = {isa = PBXFileReference; lastKnownFileType = sourcecode.swift; path = GradientView.swift; sourceTree = "<group>"; };
		4642E72F2CEA48DE00A29AAD /* CollectionHeaderView.swift */ = {isa = PBXFileReference; lastKnownFileType = sourcecode.swift; path = CollectionHeaderView.swift; sourceTree = "<group>"; };
		46D954772D07EB2200F21B7D /* SessionTable.swift */ = {isa = PBXFileReference; lastKnownFileType = sourcecode.swift; path = SessionTable.swift; sourceTree = "<group>"; };
		46D9547C2D09390700F21B7D /* LogViewController.swift */ = {isa = PBXFileReference; lastKnownFileType = sourcecode.swift; path = LogViewController.swift; sourceTree = "<group>"; };
		46D9547F2D09399700F21B7D /* LogTableViewCell.swift */ = {isa = PBXFileReference; lastKnownFileType = sourcecode.swift; path = LogTableViewCell.swift; sourceTree = "<group>"; };
/* End PBXFileReference section */

/* Begin PBXFrameworksBuildPhase section */
		462719542D02022E0071A52D /* Frameworks */ = {
			isa = PBXFrameworksBuildPhase;
			buildActionMask = 2147483647;
			files = (
				4631810F2D02CF2000A1E6A1 /* SwiftyJSON in Frameworks */,
				4631813A2D02DAB500A1E6A1 /* Database.framework in Frameworks */,
				463181022D02CED000A1E6A1 /* NIOFoundationCompat in Frameworks */,
				463181002D02CED000A1E6A1 /* NIOEmbedded in Frameworks */,
				463180FE2D02CED000A1E6A1 /* NIOCore in Frameworks */,
				463181092D02CEE100A1E6A1 /* NIOSSL in Frameworks */,
				463181042D02CED000A1E6A1 /* NIOHTTP1 in Frameworks */,
				4631810C2D02CF1000A1E6A1 /* Reachability in Frameworks */,
				463180FC2D02CED000A1E6A1 /* NIO in Frameworks */,
				463181062D02CED000A1E6A1 /* NIOWebSocket in Frameworks */,
			);
			runOnlyForDeploymentPostprocessing = 0;
		};
		463181222D02D7FB00A1E6A1 /* Frameworks */ = {
			isa = PBXFrameworksBuildPhase;
			buildActionMask = 2147483647;
			files = (
				463181312D02D81400A1E6A1 /* SQLite in Frameworks */,
			);
			runOnlyForDeploymentPostprocessing = 0;
		};
		4642E6FE2CEA25AE00A29AAD /* Frameworks */ = {
			isa = PBXFrameworksBuildPhase;
			buildActionMask = 2147483647;
			files = (
				4642E71F2CEA282D00A29AAD /* DynamicButton in Frameworks */,
				4642E7252CEA2A0D00A29AAD /* Then in Frameworks */,
				4642E7222CEA29E300A29AAD /* SnapKit in Frameworks */,
				4627195D2D02022E0071A52D /* ProxyService.framework in Frameworks */,
				469421732CF721D70004FE29 /* SwiftyFORM in Frameworks */,
				4631812B2D02D7FB00A1E6A1 /* Database.framework in Frameworks */,
				46BF6F5E2CF23B78009C24BA /* Lottie in Frameworks */,
				469421802CF86EF90004FE29 /* Tabman in Frameworks */,
			);
			runOnlyForDeploymentPostprocessing = 0;
		};
/* End PBXFrameworksBuildPhase section */

/* Begin PBXGroup section */
		462719582D02022E0071A52D /* ProxyService */ = {
			isa = PBXGroup;
			children = (
				4627196A2D02025B0071A52D /* CheckCert.swift */,
				462719772D02025B0071A52D /* Detector */,
				462719832D02025B0071A52D /* Extension */,
				462719722D02025B0071A52D /* Handler */,
				462719632D02025B0071A52D /* LocalService.swift */,
				4627197D2D02025B0071A52D /* Model */,
				462719782D02025B0071A52D /* ProxyService.swift */,
				462719692D02025B0071A52D /* Utils */,
				462719592D02022E0071A52D /* ProxyService.h */,
			);
			path = ProxyService;
			sourceTree = "<group>";
		};
		462719692D02025B0071A52D /* Utils */ = {
			isa = PBXGroup;
			children = (
				462719642D02025B0071A52D /* CertUtils.swift */,
				462719652D02025B0071A52D /* JSONSerializer.swift */,
				462719662D02025B0071A52D /* NetworkInfo.swift */,
				462719672D02025B0071A52D /* ProxyContext.swift */,
				462719682D02025B0071A52D /* ProxyRequest.swift */,
			);
			path = Utils;
			sourceTree = "<group>";
		};
		462719722D02025B0071A52D /* Handler */ = {
			isa = PBXGroup;
			children = (
				4627196B2D02025B0071A52D /* ChannelWatchHandler.swift */,
				4627196C2D02025B0071A52D /* ExchangeHandler.swift */,
				4627196D2D02025B0071A52D /* HTTPHandler.swift */,
				4627196E2D02025B0071A52D /* HTTPServerHandler.swift */,
				4627196F2D02025B0071A52D /* HTTPSHandler.swift */,
				462719702D02025B0071A52D /* SSLHandler.swift */,
				462719712D02025B0071A52D /* TunnelProxyHandler.swift */,
			);
			path = Handler;
			sourceTree = "<group>";
		};
		462719772D02025B0071A52D /* Detector */ = {
			isa = PBXGroup;
			children = (
				462719732D02025B0071A52D /* HTTPMatcher.swift */,
				462719742D02025B0071A52D /* HTTPSMatcher.swift */,
				462719752D02025B0071A52D /* Matcher.swift */,
				462719762D02025B0071A52D /* ProtocolDetector.swift */,
			);
			path = Detector;
			sourceTree = "<group>";
		};
		4627197D2D02025B0071A52D /* Model */ = {
			isa = PBXGroup;
			children = (
				4627197A2D02025B0071A52D /* Session.swift */,
				4627197B2D02025B0071A52D /* Task.swift */,
				4627197C2D02025B0071A52D /* TaskRule.swift */,
			);
			path = Model;
			sourceTree = "<group>";
		};
		462719832D02025B0071A52D /* Extension */ = {
			isa = PBXGroup;
			children = (
				4627197E2D02025B0071A52D /* Data+Compression.swift */,
				4627197F2D02025B0071A52D /* Data+Gzip.swift */,
				462719802D02025B0071A52D /* Date+Extension.swift */,
				462719812D02025B0071A52D /* Dictionary+Json.swift */,
				462719822D02025B0071A52D /* String+Extension.swift */,
			);
			path = Extension;
			sourceTree = "<group>";
		};
		463181122D02D03700A1E6A1 /* Controller */ = {
			isa = PBXGroup;
			children = (
				463181102D02D03700A1E6A1 /* HostFilterTabViewController.swift */,
				463181112D02D03700A1E6A1 /* HostFilterViewController.swift */,
			);
			path = Controller;
			sourceTree = "<group>";
		};
		463181262D02D7FB00A1E6A1 /* Database */ = {
			isa = PBXGroup;
			children = (
				463181322D02D82700A1E6A1 /* Table */,
				463181272D02D7FB00A1E6A1 /* Database.h */,
				463181352D02D88000A1E6A1 /* DatabaseManager.swift */,
			);
			path = Database;
			sourceTree = "<group>";
		};
		463181322D02D82700A1E6A1 /* Table */ = {
			isa = PBXGroup;
			children = (
				463181332D02D83E00A1E6A1 /* DatabaseTable.swift */,
				463181372D02D8C600A1E6A1 /* HostFilterTable.swift */,
				46D954772D07EB2200F21B7D /* SessionTable.swift */,
			);
			path = Table;
			sourceTree = "<group>";
		};
		463181392D02DAB500A1E6A1 /* Frameworks */ = {
			isa = PBXGroup;
			children = (
			);
			name = Frameworks;
			sourceTree = "<group>";
		};
		4642E6F82CEA25AE00A29AAD = {
			isa = PBXGroup;
			children = (
				4642E7032CEA25AE00A29AAD /* iFlow */,
				462719582D02022E0071A52D /* ProxyService */,
				463181262D02D7FB00A1E6A1 /* Database */,
				4642E7022CEA25AE00A29AAD /* Products */,
				463181392D02DAB500A1E6A1 /* Frameworks */,
			);
			sourceTree = "<group>";
		};
		4642E7022CEA25AE00A29AAD /* Products */ = {
			isa = PBXGroup;
			children = (
				4642E7012CEA25AE00A29AAD /* iFlow.app */,
				462719572D02022E0071A52D /* ProxyService.framework */,
				463181252D02D7FB00A1E6A1 /* Database.framework */,
			);
			name = Products;
			sourceTree = "<group>";
		};
		4642E7032CEA25AE00A29AAD /* iFlow */ = {
			isa = PBXGroup;
			children = (
				4642E7182CEA275F00A29AAD /* View */,
				4642E7042CEA25AE00A29AAD /* AppDelegate.swift */,
				4642E7062CEA25AE00A29AAD /* SceneDelegate.swift */,
				4642E7082CEA25AE00A29AAD /* ViewController.swift */,
				4642E70D2CEA25AF00A29AAD /* Assets.xcassets */,
				4642E70F2CEA25AF00A29AAD /* LaunchScreen.storyboard */,
				4642E7122CEA25AF00A29AAD /* Info.plist */,
			);
			path = iFlow;
			sourceTree = "<group>";
		};
		4642E7182CEA275F00A29AAD /* View */ = {
			isa = PBXGroup;
			children = (
				46D954792D0938CB00F21B7D /* Log */,
				469421742CF80C0A0004FE29 /* Setting */,
				4642E7192CEA276900A29AAD /* Main */,
				4642E7292CEA488000A29AAD /* FloatTabBarController.swift */,
				4642E72B2CEA489F00A29AAD /* FloatTabBar.swift */,
			);
			path = View;
			sourceTree = "<group>";
		};
		4642E7192CEA276900A29AAD /* Main */ = {
			isa = PBXGroup;
			children = (
				4642E7262CEA483200A29AAD /* View */,
				4642E71C2CEA279500A29AAD /* Controller */,
			);
			path = Main;
			sourceTree = "<group>";
		};
		4642E71C2CEA279500A29AAD /* Controller */ = {
			isa = PBXGroup;
			children = (
				4642E71A2CEA279100A29AAD /* MainViewController.swift */,
			);
			path = Controller;
			sourceTree = "<group>";
		};
		4642E7262CEA483200A29AAD /* View */ = {
			isa = PBXGroup;
			children = (
				4642E7272CEA485100A29AAD /* BoxCell.swift */,
				4642E72D2CEA48C200A29AAD /* GradientView.swift */,
				4642E72F2CEA48DE00A29AAD /* CollectionHeaderView.swift */,
			);
			path = View;
			sourceTree = "<group>";
		};
		469421742CF80C0A0004FE29 /* Setting */ = {
			isa = PBXGroup;
			children = (
				463181122D02D03700A1E6A1 /* Controller */,
			);
			path = Setting;
			sourceTree = "<group>";
		};
		46D954792D0938CB00F21B7D /* Log */ = {
			isa = PBXGroup;
			children = (
				46D9547A2D0938E600F21B7D /* List */,
			);
			path = Log;
			sourceTree = "<group>";
		};
		46D9547A2D0938E600F21B7D /* List */ = {
			isa = PBXGroup;
			children = (
				46D9547E2D09398800F21B7D /* View */,
				46D9547B2D0938F300F21B7D /* Controller */,
			);
			path = List;
			sourceTree = "<group>";
		};
		46D9547B2D0938F300F21B7D /* Controller */ = {
			isa = PBXGroup;
			children = (
				46D9547C2D09390700F21B7D /* LogViewController.swift */,
			);
			path = Controller;
			sourceTree = "<group>";
		};
		46D9547E2D09398800F21B7D /* View */ = {
			isa = PBXGroup;
			children = (
				46D9547F2D09399700F21B7D /* LogTableViewCell.swift */,
			);
			path = View;
			sourceTree = "<group>";
		};
/* End PBXGroup section */

/* Begin PBXHeadersBuildPhase section */
		462719522D02022E0071A52D /* Headers */ = {
			isa = PBXHeadersBuildPhase;
			buildActionMask = 2147483647;
			files = (
				4627195A2D02022E0071A52D /* ProxyService.h in Headers */,
			);
			runOnlyForDeploymentPostprocessing = 0;
		};
		463181202D02D7FB00A1E6A1 /* Headers */ = {
			isa = PBXHeadersBuildPhase;
			buildActionMask = 2147483647;
			files = (
				463181282D02D7FB00A1E6A1 /* Database.h in Headers */,
			);
			runOnlyForDeploymentPostprocessing = 0;
		};
/* End PBXHeadersBuildPhase section */

/* Begin PBXNativeTarget section */
		462719562D02022E0071A52D /* ProxyService */ = {
			isa = PBXNativeTarget;
			buildConfigurationList = 4627195F2D02022E0071A52D /* Build configuration list for PBXNativeTarget "ProxyService" */;
			buildPhases = (
				462719522D02022E0071A52D /* Headers */,
				462719532D02022E0071A52D /* Sources */,
				462719542D02022E0071A52D /* Frameworks */,
				462719552D02022E0071A52D /* Resources */,
				4631813E2D02DAB500A1E6A1 /* Embed Frameworks */,
			);
			buildRules = (
			);
			dependencies = (
				4631813D2D02DAB500A1E6A1 /* PBXTargetDependency */,
			);
			name = ProxyService;
			packageProductDependencies = (
				463180FB2D02CED000A1E6A1 /* NIO */,
				463180FD2D02CED000A1E6A1 /* NIOCore */,
				463180FF2D02CED000A1E6A1 /* NIOEmbedded */,
				463181012D02CED000A1E6A1 /* NIOFoundationCompat */,
				463181032D02CED000A1E6A1 /* NIOHTTP1 */,
				463181052D02CED000A1E6A1 /* NIOWebSocket */,
				463181082D02CEE100A1E6A1 /* NIOSSL */,
				4631810B2D02CF1000A1E6A1 /* Reachability */,
				4631810E2D02CF2000A1E6A1 /* SwiftyJSON */,
			);
			productName = ProxyService;
			productReference = 462719572D02022E0071A52D /* ProxyService.framework */;
			productType = "com.apple.product-type.framework";
		};
		463181242D02D7FB00A1E6A1 /* Database */ = {
			isa = PBXNativeTarget;
			buildConfigurationList = 4631812D2D02D7FB00A1E6A1 /* Build configuration list for PBXNativeTarget "Database" */;
			buildPhases = (
				463181202D02D7FB00A1E6A1 /* Headers */,
				463181212D02D7FB00A1E6A1 /* Sources */,
				463181222D02D7FB00A1E6A1 /* Frameworks */,
				463181232D02D7FB00A1E6A1 /* Resources */,
			);
			buildRules = (
			);
			dependencies = (
			);
			name = Database;
			packageProductDependencies = (
				463181302D02D81400A1E6A1 /* SQLite */,
			);
			productName = Database;
			productReference = 463181252D02D7FB00A1E6A1 /* Database.framework */;
			productType = "com.apple.product-type.framework";
		};
		4642E7002CEA25AE00A29AAD /* iFlow */ = {
			isa = PBXNativeTarget;
			buildConfigurationList = 4642E7152CEA25AF00A29AAD /* Build configuration list for PBXNativeTarget "iFlow" */;
			buildPhases = (
				4642E6FD2CEA25AE00A29AAD /* Sources */,
				4642E6FE2CEA25AE00A29AAD /* Frameworks */,
				4642E6FF2CEA25AE00A29AAD /* Resources */,
				462719622D02022E0071A52D /* Embed Frameworks */,
			);
			buildRules = (
			);
			dependencies = (
				4627195C2D02022E0071A52D /* PBXTargetDependency */,
				4631812A2D02D7FB00A1E6A1 /* PBXTargetDependency */,
			);
			name = iFlow;
			packageProductDependencies = (
				4642E71E2CEA282D00A29AAD /* DynamicButton */,
				4642E7212CEA29E300A29AAD /* SnapKit */,
				4642E7242CEA2A0D00A29AAD /* Then */,
				46BF6F5D2CF23B78009C24BA /* Lottie */,
				469421722CF721D70004FE29 /* SwiftyFORM */,
				4694217F2CF86EF90004FE29 /* Tabman */,
			);
			productName = iFlow;
			productReference = 4642E7012CEA25AE00A29AAD /* iFlow.app */;
			productType = "com.apple.product-type.application";
		};
/* End PBXNativeTarget section */

/* Begin PBXProject section */
		4642E6F92CEA25AE00A29AAD /* Project object */ = {
			isa = PBXProject;
			attributes = {
				BuildIndependentTargetsInParallel = 1;
				LastSwiftUpdateCheck = 1540;
				LastUpgradeCheck = 1540;
				TargetAttributes = {
					462719562D02022E0071A52D = {
						CreatedOnToolsVersion = 15.4;
						LastSwiftMigration = 1540;
					};
					463181242D02D7FB00A1E6A1 = {
						CreatedOnToolsVersion = 15.4;
						LastSwiftMigration = 1540;
					};
					4642E7002CEA25AE00A29AAD = {
						CreatedOnToolsVersion = 15.4;
					};
				};
			};
			buildConfigurationList = 4642E6FC2CEA25AE00A29AAD /* Build configuration list for PBXProject "iFlow" */;
			compatibilityVersion = "Xcode 14.0";
			developmentRegion = en;
			hasScannedForEncodings = 0;
			knownRegions = (
				en,
				Base,
			);
			mainGroup = 4642E6F82CEA25AE00A29AAD;
			packageReferences = (
				4642E71D2CEA282D00A29AAD /* XCRemoteSwiftPackageReference "DynamicButton" */,
				4642E7202CEA29E200A29AAD /* XCRemoteSwiftPackageReference "SnapKit" */,
				4642E7232CEA2A0D00A29AAD /* XCRemoteSwiftPackageReference "Then" */,
				46BF6F5C2CF23B77009C24BA /* XCRemoteSwiftPackageReference "lottie-spm" */,
				469421712CF721D70004FE29 /* XCRemoteSwiftPackageReference "SwiftyFORM" */,
				4694217E2CF86EF90004FE29 /* XCRemoteSwiftPackageReference "Tabman" */,
				463180FA2D02CED000A1E6A1 /* XCRemoteSwiftPackageReference "swift-nio" */,
				463181072D02CEE100A1E6A1 /* XCRemoteSwiftPackageReference "swift-nio-ssl" */,
				4631810A2D02CF1000A1E6A1 /* XCRemoteSwiftPackageReference "Reachability" */,
				4631810D2D02CF2000A1E6A1 /* XCRemoteSwiftPackageReference "SwiftyJSON" */,
				463181152D02D0DD00A1E6A1 /* XCRemoteSwiftPackageReference "SQLite.swift" */,
			);
			productRefGroup = 4642E7022CEA25AE00A29AAD /* Products */;
			projectDirPath = "";
			projectRoot = "";
			targets = (
				4642E7002CEA25AE00A29AAD /* iFlow */,
				462719562D02022E0071A52D /* ProxyService */,
				463181242D02D7FB00A1E6A1 /* Database */,
			);
		};
/* End PBXProject section */

/* Begin PBXResourcesBuildPhase section */
		462719552D02022E0071A52D /* Resources */ = {
			isa = PBXResourcesBuildPhase;
			buildActionMask = 2147483647;
			files = (
			);
			runOnlyForDeploymentPostprocessing = 0;
		};
		463181232D02D7FB00A1E6A1 /* Resources */ = {
			isa = PBXResourcesBuildPhase;
			buildActionMask = 2147483647;
			files = (
			);
			runOnlyForDeploymentPostprocessing = 0;
		};
		4642E6FF2CEA25AE00A29AAD /* Resources */ = {
			isa = PBXResourcesBuildPhase;
			buildActionMask = 2147483647;
			files = (
				4642E70E2CEA25AF00A29AAD /* Assets.xcassets in Resources */,
				4642E7112CEA25AF00A29AAD /* Base in Resources */,
			);
			runOnlyForDeploymentPostprocessing = 0;
		};
/* End PBXResourcesBuildPhase section */

/* Begin PBXSourcesBuildPhase section */
		462719532D02022E0071A52D /* Sources */ = {
			isa = PBXSourcesBuildPhase;
			buildActionMask = 2147483647;
			files = (
				4627198D2D02025B0071A52D /* HTTPHandler.swift in Sources */,
				462719912D02025B0071A52D /* TunnelProxyHandler.swift in Sources */,
				462719842D02025B0071A52D /* LocalService.swift in Sources */,
				462719862D02025B0071A52D /* JSONSerializer.swift in Sources */,
				4627199A2D02025B0071A52D /* TaskRule.swift in Sources */,
				462719992D02025B0071A52D /* Task.swift in Sources */,
				462719932D02025B0071A52D /* HTTPSMatcher.swift in Sources */,
				462719952D02025B0071A52D /* ProtocolDetector.swift in Sources */,
				4627199F2D02025B0071A52D /* String+Extension.swift in Sources */,
				462719902D02025B0071A52D /* SSLHandler.swift in Sources */,
				4627198B2D02025B0071A52D /* ChannelWatchHandler.swift in Sources */,
				462719942D02025B0071A52D /* Matcher.swift in Sources */,
				462719962D02025B0071A52D /* ProxyService.swift in Sources */,
				462719922D02025B0071A52D /* HTTPMatcher.swift in Sources */,
				4627199C2D02025B0071A52D /* Data+Gzip.swift in Sources */,
				4627199E2D02025B0071A52D /* Dictionary+Json.swift in Sources */,
				4627198E2D02025B0071A52D /* HTTPServerHandler.swift in Sources */,
				4627199D2D02025B0071A52D /* Date+Extension.swift in Sources */,
				462719872D02025B0071A52D /* NetworkInfo.swift in Sources */,
				4627198F2D02025B0071A52D /* HTTPSHandler.swift in Sources */,
				4627199B2D02025B0071A52D /* Data+Compression.swift in Sources */,
				462719982D02025B0071A52D /* Session.swift in Sources */,
				462719852D02025B0071A52D /* CertUtils.swift in Sources */,
				4627198C2D02025B0071A52D /* ExchangeHandler.swift in Sources */,
				462719892D02025B0071A52D /* ProxyRequest.swift in Sources */,
				4627198A2D02025B0071A52D /* CheckCert.swift in Sources */,
				462719882D02025B0071A52D /* ProxyContext.swift in Sources */,
			);
			runOnlyForDeploymentPostprocessing = 0;
		};
		463181212D02D7FB00A1E6A1 /* Sources */ = {
			isa = PBXSourcesBuildPhase;
			buildActionMask = 2147483647;
			files = (
				463181362D02D88000A1E6A1 /* DatabaseManager.swift in Sources */,
				46D954782D07EB2200F21B7D /* SessionTable.swift in Sources */,
				463181382D02D8C600A1E6A1 /* HostFilterTable.swift in Sources */,
				463181342D02D83E00A1E6A1 /* DatabaseTable.swift in Sources */,
			);
			runOnlyForDeploymentPostprocessing = 0;
		};
		4642E6FD2CEA25AE00A29AAD /* Sources */ = {
			isa = PBXSourcesBuildPhase;
			buildActionMask = 2147483647;
			files = (
				463181132D02D03700A1E6A1 /* HostFilterTabViewController.swift in Sources */,
				4642E7302CEA48DE00A29AAD /* CollectionHeaderView.swift in Sources */,
				46D954802D09399700F21B7D /* LogTableViewCell.swift in Sources */,
				4642E7092CEA25AE00A29AAD /* ViewController.swift in Sources */,
				46D9547D2D09390700F21B7D /* LogViewController.swift in Sources */,
				4642E7052CEA25AE00A29AAD /* AppDelegate.swift in Sources */,
				4642E72A2CEA488000A29AAD /* FloatTabBarController.swift in Sources */,
				4642E7072CEA25AE00A29AAD /* SceneDelegate.swift in Sources */,
				4642E72C2CEA489F00A29AAD /* FloatTabBar.swift in Sources */,
				463181142D02D03700A1E6A1 /* HostFilterViewController.swift in Sources */,
				4642E71B2CEA279100A29AAD /* MainViewController.swift in Sources */,
				4642E72E2CEA48C200A29AAD /* GradientView.swift in Sources */,
				4642E7282CEA485100A29AAD /* BoxCell.swift in Sources */,
			);
			runOnlyForDeploymentPostprocessing = 0;
		};
/* End PBXSourcesBuildPhase section */

/* Begin PBXTargetDependency section */
		4627195C2D02022E0071A52D /* PBXTargetDependency */ = {
			isa = PBXTargetDependency;
			target = 462719562D02022E0071A52D /* ProxyService */;
			targetProxy = 4627195B2D02022E0071A52D /* PBXContainerItemProxy */;
		};
		4631812A2D02D7FB00A1E6A1 /* PBXTargetDependency */ = {
			isa = PBXTargetDependency;
			target = 463181242D02D7FB00A1E6A1 /* Database */;
			targetProxy = 463181292D02D7FB00A1E6A1 /* PBXContainerItemProxy */;
		};
		4631813D2D02DAB500A1E6A1 /* PBXTargetDependency */ = {
			isa = PBXTargetDependency;
			target = 463181242D02D7FB00A1E6A1 /* Database */;
			targetProxy = 4631813C2D02DAB500A1E6A1 /* PBXContainerItemProxy */;
		};
/* End PBXTargetDependency section */

/* Begin PBXVariantGroup section */
		4642E70F2CEA25AF00A29AAD /* LaunchScreen.storyboard */ = {
			isa = PBXVariantGroup;
			children = (
				4642E7102CEA25AF00A29AAD /* Base */,
			);
			name = LaunchScreen.storyboard;
			sourceTree = "<group>";
		};
/* End PBXVariantGroup section */

/* Begin XCBuildConfiguration section */
		462719602D02022E0071A52D /* Debug */ = {
			isa = XCBuildConfiguration;
			buildSettings = {
				BUILD_LIBRARY_FOR_DISTRIBUTION = NO;
				CLANG_ENABLE_MODULES = YES;
				CODE_SIGN_STYLE = Automatic;
				CURRENT_PROJECT_VERSION = 1;
				DEFINES_MODULE = YES;
				DEVELOPMENT_TEAM = FVLFR9QYGC;
				DYLIB_COMPATIBILITY_VERSION = 1;
				DYLIB_CURRENT_VERSION = 1;
				DYLIB_INSTALL_NAME_BASE = "@rpath";
				ENABLE_MODULE_VERIFIER = YES;
				GENERATE_INFOPLIST_FILE = YES;
				INFOPLIST_KEY_NSHumanReadableCopyright = "";
				INSTALL_PATH = "$(LOCAL_LIBRARY_DIR)/Frameworks";
				LD_RUNPATH_SEARCH_PATHS = (
					"$(inherited)",
					"@executable_path/Frameworks",
					"@loader_path/Frameworks",
				);
				MARKETING_VERSION = 1.0;
				MODULE_VERIFIER_SUPPORTED_LANGUAGES = "objective-c objective-c++";
				MODULE_VERIFIER_SUPPORTED_LANGUAGE_STANDARDS = "gnu17 gnu++20";
				PRODUCT_BUNDLE_IDENTIFIER = mobi.iflow.app.ProxyService;
				PRODUCT_NAME = "$(TARGET_NAME:c99extidentifier)";
				SKIP_INSTALL = YES;
				SWIFT_EMIT_LOC_STRINGS = YES;
				SWIFT_INSTALL_OBJC_HEADER = NO;
				SWIFT_OPTIMIZATION_LEVEL = "-Onone";
				SWIFT_VERSION = 5.0;
				TARGETED_DEVICE_FAMILY = "1,2";
				VERSIONING_SYSTEM = "apple-generic";
				VERSION_INFO_PREFIX = "";
			};
			name = Debug;
		};
		462719612D02022E0071A52D /* Release */ = {
			isa = XCBuildConfiguration;
			buildSettings = {
				BUILD_LIBRARY_FOR_DISTRIBUTION = NO;
				CLANG_ENABLE_MODULES = YES;
				CODE_SIGN_STYLE = Automatic;
				CURRENT_PROJECT_VERSION = 1;
				DEFINES_MODULE = YES;
				DEVELOPMENT_TEAM = FVLFR9QYGC;
				DYLIB_COMPATIBILITY_VERSION = 1;
				DYLIB_CURRENT_VERSION = 1;
				DYLIB_INSTALL_NAME_BASE = "@rpath";
				ENABLE_MODULE_VERIFIER = YES;
				GENERATE_INFOPLIST_FILE = YES;
				INFOPLIST_KEY_NSHumanReadableCopyright = "";
				INSTALL_PATH = "$(LOCAL_LIBRARY_DIR)/Frameworks";
				LD_RUNPATH_SEARCH_PATHS = (
					"$(inherited)",
					"@executable_path/Frameworks",
					"@loader_path/Frameworks",
				);
				MARKETING_VERSION = 1.0;
				MODULE_VERIFIER_SUPPORTED_LANGUAGES = "objective-c objective-c++";
				MODULE_VERIFIER_SUPPORTED_LANGUAGE_STANDARDS = "gnu17 gnu++20";
				PRODUCT_BUNDLE_IDENTIFIER = mobi.iflow.app.ProxyService;
				PRODUCT_NAME = "$(TARGET_NAME:c99extidentifier)";
				SKIP_INSTALL = YES;
				SWIFT_EMIT_LOC_STRINGS = YES;
				SWIFT_INSTALL_OBJC_HEADER = NO;
				SWIFT_VERSION = 5.0;
				TARGETED_DEVICE_FAMILY = "1,2";
				VERSIONING_SYSTEM = "apple-generic";
				VERSION_INFO_PREFIX = "";
			};
			name = Release;
		};
		4631812E2D02D7FB00A1E6A1 /* Debug */ = {
			isa = XCBuildConfiguration;
			buildSettings = {
				BUILD_LIBRARY_FOR_DISTRIBUTION = NO;
				CLANG_ENABLE_MODULES = YES;
				CODE_SIGN_STYLE = Automatic;
				CURRENT_PROJECT_VERSION = 1;
				DEFINES_MODULE = YES;
				DEVELOPMENT_TEAM = FVLFR9QYGC;
				DYLIB_COMPATIBILITY_VERSION = 1;
				DYLIB_CURRENT_VERSION = 1;
				DYLIB_INSTALL_NAME_BASE = "@rpath";
				ENABLE_MODULE_VERIFIER = YES;
				GENERATE_INFOPLIST_FILE = YES;
				INFOPLIST_KEY_NSHumanReadableCopyright = "";
				INSTALL_PATH = "$(LOCAL_LIBRARY_DIR)/Frameworks";
				LD_RUNPATH_SEARCH_PATHS = (
					"$(inherited)",
					"@executable_path/Frameworks",
					"@loader_path/Frameworks",
				);
				MARKETING_VERSION = 1.0;
				MODULE_VERIFIER_SUPPORTED_LANGUAGES = "objective-c objective-c++";
				MODULE_VERIFIER_SUPPORTED_LANGUAGE_STANDARDS = "gnu17 gnu++20";
				PRODUCT_BUNDLE_IDENTIFIER = mobi.iflow.app.Database;
				PRODUCT_NAME = "$(TARGET_NAME:c99extidentifier)";
				SKIP_INSTALL = YES;
				SWIFT_EMIT_LOC_STRINGS = YES;
				SWIFT_INSTALL_OBJC_HEADER = NO;
				SWIFT_OPTIMIZATION_LEVEL = "-Onone";
				SWIFT_VERSION = 5.0;
				TARGETED_DEVICE_FAMILY = "1,2";
				VERSIONING_SYSTEM = "apple-generic";
				VERSION_INFO_PREFIX = "";
			};
			name = Debug;
		};
		4631812F2D02D7FB00A1E6A1 /* Release */ = {
			isa = XCBuildConfiguration;
			buildSettings = {
				BUILD_LIBRARY_FOR_DISTRIBUTION = NO;
				CLANG_ENABLE_MODULES = YES;
				CODE_SIGN_STYLE = Automatic;
				CURRENT_PROJECT_VERSION = 1;
				DEFINES_MODULE = YES;
				DEVELOPMENT_TEAM = FVLFR9QYGC;
				DYLIB_COMPATIBILITY_VERSION = 1;
				DYLIB_CURRENT_VERSION = 1;
				DYLIB_INSTALL_NAME_BASE = "@rpath";
				ENABLE_MODULE_VERIFIER = YES;
				GENERATE_INFOPLIST_FILE = YES;
				INFOPLIST_KEY_NSHumanReadableCopyright = "";
				INSTALL_PATH = "$(LOCAL_LIBRARY_DIR)/Frameworks";
				LD_RUNPATH_SEARCH_PATHS = (
					"$(inherited)",
					"@executable_path/Frameworks",
					"@loader_path/Frameworks",
				);
				MARKETING_VERSION = 1.0;
				MODULE_VERIFIER_SUPPORTED_LANGUAGES = "objective-c objective-c++";
				MODULE_VERIFIER_SUPPORTED_LANGUAGE_STANDARDS = "gnu17 gnu++20";
				PRODUCT_BUNDLE_IDENTIFIER = mobi.iflow.app.Database;
				PRODUCT_NAME = "$(TARGET_NAME:c99extidentifier)";
				SKIP_INSTALL = YES;
				SWIFT_EMIT_LOC_STRINGS = YES;
				SWIFT_INSTALL_OBJC_HEADER = NO;
				SWIFT_VERSION = 5.0;
				TARGETED_DEVICE_FAMILY = "1,2";
				VERSIONING_SYSTEM = "apple-generic";
				VERSION_INFO_PREFIX = "";
			};
			name = Release;
		};
		4642E7132CEA25AF00A29AAD /* Debug */ = {
			isa = XCBuildConfiguration;
			buildSettings = {
				ALWAYS_SEARCH_USER_PATHS = NO;
				ASSETCATALOG_COMPILER_GENERATE_SWIFT_ASSET_SYMBOL_EXTENSIONS = YES;
				CLANG_ANALYZER_NONNULL = YES;
				CLANG_ANALYZER_NUMBER_OBJECT_CONVERSION = YES_AGGRESSIVE;
				CLANG_CXX_LANGUAGE_STANDARD = "gnu++20";
				CLANG_ENABLE_MODULES = YES;
				CLANG_ENABLE_OBJC_ARC = YES;
				CLANG_ENABLE_OBJC_WEAK = YES;
				CLANG_WARN_BLOCK_CAPTURE_AUTORELEASING = YES;
				CLANG_WARN_BOOL_CONVERSION = YES;
				CLANG_WARN_COMMA = YES;
				CLANG_WARN_CONSTANT_CONVERSION = YES;
				CLANG_WARN_DEPRECATED_OBJC_IMPLEMENTATIONS = YES;
				CLANG_WARN_DIRECT_OBJC_ISA_USAGE = YES_ERROR;
				CLANG_WARN_DOCUMENTATION_COMMENTS = YES;
				CLANG_WARN_EMPTY_BODY = YES;
				CLANG_WARN_ENUM_CONVERSION = YES;
				CLANG_WARN_INFINITE_RECURSION = YES;
				CLANG_WARN_INT_CONVERSION = YES;
				CLANG_WARN_NON_LITERAL_NULL_CONVERSION = YES;
				CLANG_WARN_OBJC_IMPLICIT_RETAIN_SELF = YES;
				CLANG_WARN_OBJC_LITERAL_CONVERSION = YES;
				CLANG_WARN_OBJC_ROOT_CLASS = YES_ERROR;
				CLANG_WARN_QUOTED_INCLUDE_IN_FRAMEWORK_HEADER = YES;
				CLANG_WARN_RANGE_LOOP_ANALYSIS = YES;
				CLANG_WARN_STRICT_PROTOTYPES = YES;
				CLANG_WARN_SUSPICIOUS_MOVE = YES;
				CLANG_WARN_UNGUARDED_AVAILABILITY = YES_AGGRESSIVE;
				CLANG_WARN_UNREACHABLE_CODE = YES;
				CLANG_WARN__DUPLICATE_METHOD_MATCH = YES;
				COPY_PHASE_STRIP = NO;
				DEBUG_INFORMATION_FORMAT = dwarf;
				ENABLE_STRICT_OBJC_MSGSEND = YES;
				ENABLE_TESTABILITY = YES;
				ENABLE_USER_SCRIPT_SANDBOXING = YES;
				GCC_C_LANGUAGE_STANDARD = gnu17;
				GCC_DYNAMIC_NO_PIC = NO;
				GCC_NO_COMMON_BLOCKS = YES;
				GCC_OPTIMIZATION_LEVEL = 0;
				GCC_PREPROCESSOR_DEFINITIONS = (
					"DEBUG=1",
					"$(inherited)",
				);
				GCC_WARN_64_TO_32_BIT_CONVERSION = YES;
				GCC_WARN_ABOUT_RETURN_TYPE = YES_ERROR;
				GCC_WARN_UNDECLARED_SELECTOR = YES;
				GCC_WARN_UNINITIALIZED_AUTOS = YES_AGGRESSIVE;
				GCC_WARN_UNUSED_FUNCTION = YES;
				GCC_WARN_UNUSED_VARIABLE = YES;
				IPHONEOS_DEPLOYMENT_TARGET = 17.5;
				LOCALIZATION_PREFERS_STRING_CATALOGS = YES;
				MTL_ENABLE_DEBUG_INFO = INCLUDE_SOURCE;
				MTL_FAST_MATH = YES;
				ONLY_ACTIVE_ARCH = YES;
				SDKROOT = iphoneos;
				SWIFT_ACTIVE_COMPILATION_CONDITIONS = "DEBUG $(inherited)";
				SWIFT_OPTIMIZATION_LEVEL = "-Onone";
			};
			name = Debug;
		};
		4642E7142CEA25AF00A29AAD /* Release */ = {
			isa = XCBuildConfiguration;
			buildSettings = {
				ALWAYS_SEARCH_USER_PATHS = NO;
				ASSETCATALOG_COMPILER_GENERATE_SWIFT_ASSET_SYMBOL_EXTENSIONS = YES;
				CLANG_ANALYZER_NONNULL = YES;
				CLANG_ANALYZER_NUMBER_OBJECT_CONVERSION = YES_AGGRESSIVE;
				CLANG_CXX_LANGUAGE_STANDARD = "gnu++20";
				CLANG_ENABLE_MODULES = YES;
				CLANG_ENABLE_OBJC_ARC = YES;
				CLANG_ENABLE_OBJC_WEAK = YES;
				CLANG_WARN_BLOCK_CAPTURE_AUTORELEASING = YES;
				CLANG_WARN_BOOL_CONVERSION = YES;
				CLANG_WARN_COMMA = YES;
				CLANG_WARN_CONSTANT_CONVERSION = YES;
				CLANG_WARN_DEPRECATED_OBJC_IMPLEMENTATIONS = YES;
				CLANG_WARN_DIRECT_OBJC_ISA_USAGE = YES_ERROR;
				CLANG_WARN_DOCUMENTATION_COMMENTS = YES;
				CLANG_WARN_EMPTY_BODY = YES;
				CLANG_WARN_ENUM_CONVERSION = YES;
				CLANG_WARN_INFINITE_RECURSION = YES;
				CLANG_WARN_INT_CONVERSION = YES;
				CLANG_WARN_NON_LITERAL_NULL_CONVERSION = YES;
				CLANG_WARN_OBJC_IMPLICIT_RETAIN_SELF = YES;
				CLANG_WARN_OBJC_LITERAL_CONVERSION = YES;
				CLANG_WARN_OBJC_ROOT_CLASS = YES_ERROR;
				CLANG_WARN_QUOTED_INCLUDE_IN_FRAMEWORK_HEADER = YES;
				CLANG_WARN_RANGE_LOOP_ANALYSIS = YES;
				CLANG_WARN_STRICT_PROTOTYPES = YES;
				CLANG_WARN_SUSPICIOUS_MOVE = YES;
				CLANG_WARN_UNGUARDED_AVAILABILITY = YES_AGGRESSIVE;
				CLANG_WARN_UNREACHABLE_CODE = YES;
				CLANG_WARN__DUPLICATE_METHOD_MATCH = YES;
				COPY_PHASE_STRIP = NO;
				DEBUG_INFORMATION_FORMAT = "dwarf-with-dsym";
				ENABLE_NS_ASSERTIONS = NO;
				ENABLE_STRICT_OBJC_MSGSEND = YES;
				ENABLE_USER_SCRIPT_SANDBOXING = YES;
				GCC_C_LANGUAGE_STANDARD = gnu17;
				GCC_NO_COMMON_BLOCKS = YES;
				GCC_WARN_64_TO_32_BIT_CONVERSION = YES;
				GCC_WARN_ABOUT_RETURN_TYPE = YES_ERROR;
				GCC_WARN_UNDECLARED_SELECTOR = YES;
				GCC_WARN_UNINITIALIZED_AUTOS = YES_AGGRESSIVE;
				GCC_WARN_UNUSED_FUNCTION = YES;
				GCC_WARN_UNUSED_VARIABLE = YES;
				IPHONEOS_DEPLOYMENT_TARGET = 17.5;
				LOCALIZATION_PREFERS_STRING_CATALOGS = YES;
				MTL_ENABLE_DEBUG_INFO = NO;
				MTL_FAST_MATH = YES;
				SDKROOT = iphoneos;
				SWIFT_COMPILATION_MODE = wholemodule;
				VALIDATE_PRODUCT = YES;
			};
			name = Release;
		};
		4642E7162CEA25AF00A29AAD /* Debug */ = {
			isa = XCBuildConfiguration;
			buildSettings = {
				ALWAYS_EMBED_SWIFT_STANDARD_LIBRARIES = YES;
				ASSETCATALOG_COMPILER_APPICON_NAME = AppIcon;
				ASSETCATALOG_COMPILER_GLOBAL_ACCENT_COLOR_NAME = AccentColor;
				CODE_SIGN_STYLE = Automatic;
				CURRENT_PROJECT_VERSION = 1;
				DEVELOPMENT_TEAM = FVLFR9QYGC;
				GENERATE_INFOPLIST_FILE = YES;
				INFOPLIST_FILE = iFlow/Info.plist;
				INFOPLIST_KEY_UIApplicationSupportsIndirectInputEvents = YES;
				INFOPLIST_KEY_UILaunchStoryboardName = LaunchScreen;
				INFOPLIST_KEY_UISupportedInterfaceOrientations_iPad = "UIInterfaceOrientationPortrait UIInterfaceOrientationPortraitUpsideDown UIInterfaceOrientationLandscapeLeft UIInterfaceOrientationLandscapeRight";
				INFOPLIST_KEY_UISupportedInterfaceOrientations_iPhone = "UIInterfaceOrientationPortrait UIInterfaceOrientationLandscapeLeft UIInterfaceOrientationLandscapeRight";
				LD_RUNPATH_SEARCH_PATHS = (
					"$(inherited)",
					"@executable_path/Frameworks",
				);
				MARKETING_VERSION = 1.0;
				PRODUCT_BUNDLE_IDENTIFIER = mobi.iflow.app.iFlow;
				PRODUCT_NAME = "$(TARGET_NAME)";
				SWIFT_EMIT_LOC_STRINGS = YES;
				SWIFT_VERSION = 5.0;
				TARGETED_DEVICE_FAMILY = "1,2";
			};
			name = Debug;
		};
		4642E7172CEA25AF00A29AAD /* Release */ = {
			isa = XCBuildConfiguration;
			buildSettings = {
				ALWAYS_EMBED_SWIFT_STANDARD_LIBRARIES = YES;
				ASSETCATALOG_COMPILER_APPICON_NAME = AppIcon;
				ASSETCATALOG_COMPILER_GLOBAL_ACCENT_COLOR_NAME = AccentColor;
				CODE_SIGN_STYLE = Automatic;
				CURRENT_PROJECT_VERSION = 1;
				DEVELOPMENT_TEAM = FVLFR9QYGC;
				GENERATE_INFOPLIST_FILE = YES;
				INFOPLIST_FILE = iFlow/Info.plist;
				INFOPLIST_KEY_UIApplicationSupportsIndirectInputEvents = YES;
				INFOPLIST_KEY_UILaunchStoryboardName = LaunchScreen;
				INFOPLIST_KEY_UISupportedInterfaceOrientations_iPad = "UIInterfaceOrientationPortrait UIInterfaceOrientationPortraitUpsideDown UIInterfaceOrientationLandscapeLeft UIInterfaceOrientationLandscapeRight";
				INFOPLIST_KEY_UISupportedInterfaceOrientations_iPhone = "UIInterfaceOrientationPortrait UIInterfaceOrientationLandscapeLeft UIInterfaceOrientationLandscapeRight";
				LD_RUNPATH_SEARCH_PATHS = (
					"$(inherited)",
					"@executable_path/Frameworks",
				);
				MARKETING_VERSION = 1.0;
				PRODUCT_BUNDLE_IDENTIFIER = mobi.iflow.app.iFlow;
				PRODUCT_NAME = "$(TARGET_NAME)";
				SWIFT_EMIT_LOC_STRINGS = YES;
				SWIFT_VERSION = 5.0;
				TARGETED_DEVICE_FAMILY = "1,2";
			};
			name = Release;
		};
/* End XCBuildConfiguration section */

/* Begin XCConfigurationList section */
		4627195F2D02022E0071A52D /* Build configuration list for PBXNativeTarget "ProxyService" */ = {
			isa = XCConfigurationList;
			buildConfigurations = (
				462719602D02022E0071A52D /* Debug */,
				462719612D02022E0071A52D /* Release */,
			);
			defaultConfigurationIsVisible = 0;
			defaultConfigurationName = Release;
		};
		4631812D2D02D7FB00A1E6A1 /* Build configuration list for PBXNativeTarget "Database" */ = {
			isa = XCConfigurationList;
			buildConfigurations = (
				4631812E2D02D7FB00A1E6A1 /* Debug */,
				4631812F2D02D7FB00A1E6A1 /* Release */,
			);
			defaultConfigurationIsVisible = 0;
			defaultConfigurationName = Release;
		};
		4642E6FC2CEA25AE00A29AAD /* Build configuration list for PBXProject "iFlow" */ = {
			isa = XCConfigurationList;
			buildConfigurations = (
				4642E7132CEA25AF00A29AAD /* Debug */,
				4642E7142CEA25AF00A29AAD /* Release */,
			);
			defaultConfigurationIsVisible = 0;
			defaultConfigurationName = Release;
		};
		4642E7152CEA25AF00A29AAD /* Build configuration list for PBXNativeTarget "iFlow" */ = {
			isa = XCConfigurationList;
			buildConfigurations = (
				4642E7162CEA25AF00A29AAD /* Debug */,
				4642E7172CEA25AF00A29AAD /* Release */,
			);
			defaultConfigurationIsVisible = 0;
			defaultConfigurationName = Release;
		};
/* End XCConfigurationList section */

/* Begin XCRemoteSwiftPackageReference section */
		463180FA2D02CED000A1E6A1 /* XCRemoteSwiftPackageReference "swift-nio" */ = {
			isa = XCRemoteSwiftPackageReference;
			repositoryURL = "https://github.com/apple/swift-nio.git";
			requirement = {
				kind = upToNextMajorVersion;
				minimumVersion = 2.77.0;
			};
		};
		463181072D02CEE100A1E6A1 /* XCRemoteSwiftPackageReference "swift-nio-ssl" */ = {
			isa = XCRemoteSwiftPackageReference;
			repositoryURL = "https://github.com/apple/swift-nio-ssl.git";
			requirement = {
				kind = upToNextMajorVersion;
				minimumVersion = 2.29.0;
			};
		};
		4631810A2D02CF1000A1E6A1 /* XCRemoteSwiftPackageReference "Reachability" */ = {
			isa = XCRemoteSwiftPackageReference;
			repositoryURL = "https://github.com/ashleymills/Reachability.swift";
			requirement = {
				branch = master;
				kind = branch;
			};
		};
		4631810D2D02CF2000A1E6A1 /* XCRemoteSwiftPackageReference "SwiftyJSON" */ = {
			isa = XCRemoteSwiftPackageReference;
			repositoryURL = "https://github.com/SwiftyJSON/SwiftyJSON.git";
			requirement = {
				kind = upToNextMajorVersion;
				minimumVersion = 5.0.2;
			};
		};
		463181152D02D0DD00A1E6A1 /* XCRemoteSwiftPackageReference "SQLite.swift" */ = {
			isa = XCRemoteSwiftPackageReference;
			repositoryURL = "https://github.com/stephencelis/SQLite.swift.git";
			requirement = {
				kind = upToNextMajorVersion;
				minimumVersion = 0.15.3;
			};
		};
		4642E71D2CEA282D00A29AAD /* XCRemoteSwiftPackageReference "DynamicButton" */ = {
			isa = XCRemoteSwiftPackageReference;
			repositoryURL = "https://github.com/yannickl/DynamicButton.git";
			requirement = {
				kind = upToNextMajorVersion;
				minimumVersion = 6.2.1;
			};
		};
		4642E7202CEA29E200A29AAD /* XCRemoteSwiftPackageReference "SnapKit" */ = {
			isa = XCRemoteSwiftPackageReference;
			repositoryURL = "https://github.com/SnapKit/SnapKit.git";
			requirement = {
				kind = upToNextMajorVersion;
				minimumVersion = 5.7.1;
			};
		};
		4642E7232CEA2A0D00A29AAD /* XCRemoteSwiftPackageReference "Then" */ = {
			isa = XCRemoteSwiftPackageReference;
			repositoryURL = "https://github.com/devxoul/Then.git";
			requirement = {
				kind = upToNextMajorVersion;
				minimumVersion = 3.0.0;
			};
		};
		469421712CF721D70004FE29 /* XCRemoteSwiftPackageReference "SwiftyFORM" */ = {
			isa = XCRemoteSwiftPackageReference;
			repositoryURL = "https://github.com/neoneye/SwiftyFORM.git";
			requirement = {
				kind = upToNextMajorVersion;
				minimumVersion = 1.8.6;
			};
		};
		4694217E2CF86EF90004FE29 /* XCRemoteSwiftPackageReference "Tabman" */ = {
			isa = XCRemoteSwiftPackageReference;
			repositoryURL = "https://github.com/uias/Tabman.git";
			requirement = {
				kind = upToNextMajorVersion;
				minimumVersion = 3.2.0;
			};
		};
		46BF6F5C2CF23B77009C24BA /* XCRemoteSwiftPackageReference "lottie-spm" */ = {
			isa = XCRemoteSwiftPackageReference;
			repositoryURL = "https://github.com/airbnb/lottie-spm.git";
			requirement = {
				kind = upToNextMajorVersion;
				minimumVersion = 4.5.0;
			};
		};
/* End XCRemoteSwiftPackageReference section */

/* Begin XCSwiftPackageProductDependency section */
		463180FB2D02CED000A1E6A1 /* NIO */ = {
			isa = XCSwiftPackageProductDependency;
			package = 463180FA2D02CED000A1E6A1 /* XCRemoteSwiftPackageReference "swift-nio" */;
			productName = NIO;
		};
		463180FD2D02CED000A1E6A1 /* NIOCore */ = {
			isa = XCSwiftPackageProductDependency;
			package = 463180FA2D02CED000A1E6A1 /* XCRemoteSwiftPackageReference "swift-nio" */;
			productName = NIOCore;
		};
		463180FF2D02CED000A1E6A1 /* NIOEmbedded */ = {
			isa = XCSwiftPackageProductDependency;
			package = 463180FA2D02CED000A1E6A1 /* XCRemoteSwiftPackageReference "swift-nio" */;
			productName = NIOEmbedded;
		};
		463181012D02CED000A1E6A1 /* NIOFoundationCompat */ = {
			isa = XCSwiftPackageProductDependency;
			package = 463180FA2D02CED000A1E6A1 /* XCRemoteSwiftPackageReference "swift-nio" */;
			productName = NIOFoundationCompat;
		};
		463181032D02CED000A1E6A1 /* NIOHTTP1 */ = {
			isa = XCSwiftPackageProductDependency;
			package = 463180FA2D02CED000A1E6A1 /* XCRemoteSwiftPackageReference "swift-nio" */;
			productName = NIOHTTP1;
		};
		463181052D02CED000A1E6A1 /* NIOWebSocket */ = {
			isa = XCSwiftPackageProductDependency;
			package = 463180FA2D02CED000A1E6A1 /* XCRemoteSwiftPackageReference "swift-nio" */;
			productName = NIOWebSocket;
		};
		463181082D02CEE100A1E6A1 /* NIOSSL */ = {
			isa = XCSwiftPackageProductDependency;
			package = 463181072D02CEE100A1E6A1 /* XCRemoteSwiftPackageReference "swift-nio-ssl" */;
			productName = NIOSSL;
		};
		4631810B2D02CF1000A1E6A1 /* Reachability */ = {
			isa = XCSwiftPackageProductDependency;
			package = 4631810A2D02CF1000A1E6A1 /* XCRemoteSwiftPackageReference "Reachability" */;
			productName = Reachability;
		};
		4631810E2D02CF2000A1E6A1 /* SwiftyJSON */ = {
			isa = XCSwiftPackageProductDependency;
			package = 4631810D2D02CF2000A1E6A1 /* XCRemoteSwiftPackageReference "SwiftyJSON" */;
			productName = SwiftyJSON;
		};
		463181302D02D81400A1E6A1 /* SQLite */ = {
			isa = XCSwiftPackageProductDependency;
			package = 463181152D02D0DD00A1E6A1 /* XCRemoteSwiftPackageReference "SQLite.swift" */;
			productName = SQLite;
		};
		4642E71E2CEA282D00A29AAD /* DynamicButton */ = {
			isa = XCSwiftPackageProductDependency;
			package = 4642E71D2CEA282D00A29AAD /* XCRemoteSwiftPackageReference "DynamicButton" */;
			productName = DynamicButton;
		};
		4642E7212CEA29E300A29AAD /* SnapKit */ = {
			isa = XCSwiftPackageProductDependency;
			package = 4642E7202CEA29E200A29AAD /* XCRemoteSwiftPackageReference "SnapKit" */;
			productName = SnapKit;
		};
		4642E7242CEA2A0D00A29AAD /* Then */ = {
			isa = XCSwiftPackageProductDependency;
			package = 4642E7232CEA2A0D00A29AAD /* XCRemoteSwiftPackageReference "Then" */;
			productName = Then;
		};
		469421722CF721D70004FE29 /* SwiftyFORM */ = {
			isa = XCSwiftPackageProductDependency;
			package = 469421712CF721D70004FE29 /* XCRemoteSwiftPackageReference "SwiftyFORM" */;
			productName = SwiftyFORM;
		};
		4694217F2CF86EF90004FE29 /* Tabman */ = {
			isa = XCSwiftPackageProductDependency;
			package = 4694217E2CF86EF90004FE29 /* XCRemoteSwiftPackageReference "Tabman" */;
			productName = Tabman;
		};
		46BF6F5D2CF23B78009C24BA /* Lottie */ = {
			isa = XCSwiftPackageProductDependency;
			package = 46BF6F5C2CF23B77009C24BA /* XCRemoteSwiftPackageReference "lottie-spm" */;
			productName = Lottie;
		};
/* End XCSwiftPackageProductDependency section */
	};
	rootObject = 4642E6F92CEA25AE00A29AAD /* Project object */;
}
