// !$*UTF8*$!
{
	archiveVersion = 1;
	classes = {
	};
	objectVersion = 56;
	objects = {

/* Begin PBXBuildFile section */
		4642E7052CEA25AE00A29AAD /* AppDelegate.swift in Sources */ = {isa = PBXBuildFile; fileRef = 4642E7042CEA25AE00A29AAD /* AppDelegate.swift */; };
		4642E7072CEA25AE00A29AAD /* SceneDelegate.swift in Sources */ = {isa = PBXBuildFile; fileRef = 4642E7062CEA25AE00A29AAD /* SceneDelegate.swift */; };
		4642E7092CEA25AE00A29AAD /* ViewController.swift in Sources */ = {isa = PBXBuildFile; fileRef = 4642E7082CEA25AE00A29AAD /* ViewController.swift */; };
		4642E70E2CEA25AF00A29AAD /* Assets.xcassets in Resources */ = {isa = PBXBuildFile; fileRef = 4642E70D2CEA25AF00A29AAD /* Assets.xcassets */; };
		4642E7112CEA25AF00A29AAD /* Base in Resources */ = {isa = PBXBuildFile; fileRef = 4642E7102CEA25AF00A29AAD /* Base */; };
		4642E71B2CEA279100A29AAD /* MainViewController.swift in Sources */ = {isa = PBXBuildFile; fileRef = 4642E71A2CEA279100A29AAD /* MainViewController.swift */; };
		4642E71F2CEA282D00A29AAD /* DynamicButton in Frameworks */ = {isa = PBXBuildFile; productRef = 4642E71E2CEA282D00A29AAD /* DynamicButton */; };
		4642E7222CEA29E300A29AAD /* SnapKit in Frameworks */ = {isa = PBXBuildFile; productRef = 4642E7212CEA29E300A29AAD /* SnapKit */; };
		4642E7252CEA2A0D00A29AAD /* Then in Frameworks */ = {isa = PBXBuildFile; productRef = 4642E7242CEA2A0D00A29AAD /* Then */; };
		4642E7282CEA485100A29AAD /* BoxCell.swift in Sources */ = {isa = PBXBuildFile; fileRef = 4642E7272CEA485100A29AAD /* BoxCell.swift */; };
		4642E72A2CEA488000A29AAD /* FloatTabBarController.swift in Sources */ = {isa = PBXBuildFile; fileRef = 4642E7292CEA488000A29AAD /* FloatTabBarController.swift */; };
		4642E72C2CEA489F00A29AAD /* FloatTabBar.swift in Sources */ = {isa = PBXBuildFile; fileRef = 4642E72B2CEA489F00A29AAD /* FloatTabBar.swift */; };
		4642E72E2CEA48C200A29AAD /* GradientView.swift in Sources */ = {isa = PBXBuildFile; fileRef = 4642E72D2CEA48C200A29AAD /* GradientView.swift */; };
		4642E7302CEA48DE00A29AAD /* CollectionHeaderView.swift in Sources */ = {isa = PBXBuildFile; fileRef = 4642E72F2CEA48DE00A29AAD /* CollectionHeaderView.swift */; };
		469421732CF721D70004FE29 /* SwiftyFORM in Frameworks */ = {isa = PBXBuildFile; productRef = 469421722CF721D70004FE29 /* SwiftyFORM */; };
		469421782CF80CF20004FE29 /* HostFilterViewController.swift in Sources */ = {isa = PBXBuildFile; fileRef = 469421772CF80CF20004FE29 /* HostFilterViewController.swift */; };
		4694217D2CF86AFB0004FE29 /* HostFilterTabViewController.swift in Sources */ = {isa = PBXBuildFile; fileRef = 4694217C2CF86AFB0004FE29 /* HostFilterTabViewController.swift */; };
		469421802CF86EF90004FE29 /* Tabman in Frameworks */ = {isa = PBXBuildFile; productRef = 4694217F2CF86EF90004FE29 /* Tabman */; };
		46BF6F5E2CF23B78009C24BA /* Lottie in Frameworks */ = {isa = PBXBuildFile; productRef = 46BF6F5D2CF23B78009C24BA /* Lottie */; };
/* End PBXBuildFile section */

/* Begin PBXFileReference section */
		4642E7012CEA25AE00A29AAD /* iFlow.app */ = {isa = PBXFileReference; explicitFileType = wrapper.application; includeInIndex = 0; path = iFlow.app; sourceTree = BUILT_PRODUCTS_DIR; };
		4642E7042CEA25AE00A29AAD /* AppDelegate.swift */ = {isa = PBXFileReference; lastKnownFileType = sourcecode.swift; path = AppDelegate.swift; sourceTree = "<group>"; };
		4642E7062CEA25AE00A29AAD /* SceneDelegate.swift */ = {isa = PBXFileReference; lastKnownFileType = sourcecode.swift; path = SceneDelegate.swift; sourceTree = "<group>"; };
		4642E7082CEA25AE00A29AAD /* ViewController.swift */ = {isa = PBXFileReference; lastKnownFileType = sourcecode.swift; path = ViewController.swift; sourceTree = "<group>"; };
		4642E70D2CEA25AF00A29AAD /* Assets.xcassets */ = {isa = PBXFileReference; lastKnownFileType = folder.assetcatalog; path = Assets.xcassets; sourceTree = "<group>"; };
		4642E7102CEA25AF00A29AAD /* Base */ = {isa = PBXFileReference; lastKnownFileType = file.storyboard; name = Base; path = Base.lproj/LaunchScreen.storyboard; sourceTree = "<group>"; };
		4642E7122CEA25AF00A29AAD /* Info.plist */ = {isa = PBXFileReference; lastKnownFileType = text.plist.xml; path = Info.plist; sourceTree = "<group>"; };
		4642E71A2CEA279100A29AAD /* MainViewController.swift */ = {isa = PBXFileReference; lastKnownFileType = sourcecode.swift; path = MainViewController.swift; sourceTree = "<group>"; };
		4642E7272CEA485100A29AAD /* BoxCell.swift */ = {isa = PBXFileReference; lastKnownFileType = sourcecode.swift; path = BoxCell.swift; sourceTree = "<group>"; };
		4642E7292CEA488000A29AAD /* FloatTabBarController.swift */ = {isa = PBXFileReference; lastKnownFileType = sourcecode.swift; path = FloatTabBarController.swift; sourceTree = "<group>"; };
		4642E72B2CEA489F00A29AAD /* FloatTabBar.swift */ = {isa = PBXFileReference; lastKnownFileType = sourcecode.swift; path = FloatTabBar.swift; sourceTree = "<group>"; };
		4642E72D2CEA48C200A29AAD /* GradientView.swift */ = {isa = PBXFileReference; lastKnownFileType = sourcecode.swift; path = GradientView.swift; sourceTree = "<group>"; };
		4642E72F2CEA48DE00A29AAD /* CollectionHeaderView.swift */ = {isa = PBXFileReference; lastKnownFileType = sourcecode.swift; path = CollectionHeaderView.swift; sourceTree = "<group>"; };
		469421772CF80CF20004FE29 /* HostFilterViewController.swift */ = {isa = PBXFileReference; lastKnownFileType = sourcecode.swift; path = HostFilterViewController.swift; sourceTree = "<group>"; };
		4694217C2CF86AFB0004FE29 /* HostFilterTabViewController.swift */ = {isa = PBXFileReference; lastKnownFileType = sourcecode.swift; path = HostFilterTabViewController.swift; sourceTree = "<group>"; };
/* End PBXFileReference section */

/* Begin PBXFrameworksBuildPhase section */
		4642E6FE2CEA25AE00A29AAD /* Frameworks */ = {
			isa = PBXFrameworksBuildPhase;
			buildActionMask = 2147483647;
			files = (
				4642E71F2CEA282D00A29AAD /* DynamicButton in Frameworks */,
				4642E7252CEA2A0D00A29AAD /* Then in Frameworks */,
				4642E7222CEA29E300A29AAD /* SnapKit in Frameworks */,
				469421732CF721D70004FE29 /* SwiftyFORM in Frameworks */,
				46BF6F5E2CF23B78009C24BA /* Lottie in Frameworks */,
				469421802CF86EF90004FE29 /* Tabman in Frameworks */,
			);
			runOnlyForDeploymentPostprocessing = 0;
		};
/* End PBXFrameworksBuildPhase section */

/* Begin PBXGroup section */
		4642E6F82CEA25AE00A29AAD = {
			isa = PBXGroup;
			children = (
				4642E7032CEA25AE00A29AAD /* iFlow */,
				4642E7022CEA25AE00A29AAD /* Products */,
			);
			sourceTree = "<group>";
		};
		4642E7022CEA25AE00A29AAD /* Products */ = {
			isa = PBXGroup;
			children = (
				4642E7012CEA25AE00A29AAD /* iFlow.app */,
			);
			name = Products;
			sourceTree = "<group>";
		};
		4642E7032CEA25AE00A29AAD /* iFlow */ = {
			isa = PBXGroup;
			children = (
				4642E7182CEA275F00A29AAD /* View */,
				4642E7042CEA25AE00A29AAD /* AppDelegate.swift */,
				4642E7062CEA25AE00A29AAD /* SceneDelegate.swift */,
				4642E7082CEA25AE00A29AAD /* ViewController.swift */,
				4642E70D2CEA25AF00A29AAD /* Assets.xcassets */,
				4642E70F2CEA25AF00A29AAD /* LaunchScreen.storyboard */,
				4642E7122CEA25AF00A29AAD /* Info.plist */,
			);
			path = iFlow;
			sourceTree = "<group>";
		};
		4642E7182CEA275F00A29AAD /* View */ = {
			isa = PBXGroup;
			children = (
				469421742CF80C0A0004FE29 /* Setting */,
				4642E7192CEA276900A29AAD /* Main */,
				4642E7292CEA488000A29AAD /* FloatTabBarController.swift */,
				4642E72B2CEA489F00A29AAD /* FloatTabBar.swift */,
			);
			path = View;
			sourceTree = "<group>";
		};
		4642E7192CEA276900A29AAD /* Main */ = {
			isa = PBXGroup;
			children = (
				4642E7262CEA483200A29AAD /* View */,
				4642E71C2CEA279500A29AAD /* Controller */,
			);
			path = Main;
			sourceTree = "<group>";
		};
		4642E71C2CEA279500A29AAD /* Controller */ = {
			isa = PBXGroup;
			children = (
				4642E71A2CEA279100A29AAD /* MainViewController.swift */,
			);
			path = Controller;
			sourceTree = "<group>";
		};
		4642E7262CEA483200A29AAD /* View */ = {
			isa = PBXGroup;
			children = (
				4642E7272CEA485100A29AAD /* BoxCell.swift */,
				4642E72D2CEA48C200A29AAD /* GradientView.swift */,
				4642E72F2CEA48DE00A29AAD /* CollectionHeaderView.swift */,
			);
			path = View;
			sourceTree = "<group>";
		};
		469421742CF80C0A0004FE29 /* Setting */ = {
			isa = PBXGroup;
			children = (
				469421752CF80C3F0004FE29 /* HostFilter */,
			);
			path = Setting;
			sourceTree = "<group>";
		};
		469421752CF80C3F0004FE29 /* HostFilter */ = {
			isa = PBXGroup;
			children = (
				469421762CF80CDD0004FE29 /* Controller */,
			);
			path = HostFilter;
			sourceTree = "<group>";
		};
		469421762CF80CDD0004FE29 /* Controller */ = {
			isa = PBXGroup;
			children = (
				469421772CF80CF20004FE29 /* HostFilterViewController.swift */,
				4694217C2CF86AFB0004FE29 /* HostFilterTabViewController.swift */,
			);
			path = Controller;
			sourceTree = "<group>";
		};
/* End PBXGroup section */

/* Begin PBXNativeTarget section */
		4642E7002CEA25AE00A29AAD /* iFlow */ = {
			isa = PBXNativeTarget;
			buildConfigurationList = 4642E7152CEA25AF00A29AAD /* Build configuration list for PBXNativeTarget "iFlow" */;
			buildPhases = (
				4642E6FD2CEA25AE00A29AAD /* Sources */,
				4642E6FE2CEA25AE00A29AAD /* Frameworks */,
				4642E6FF2CEA25AE00A29AAD /* Resources */,
			);
			buildRules = (
			);
			dependencies = (
			);
			name = iFlow;
			packageProductDependencies = (
				4642E71E2CEA282D00A29AAD /* DynamicButton */,
				4642E7212CEA29E300A29AAD /* SnapKit */,
				4642E7242CEA2A0D00A29AAD /* Then */,
				46BF6F5D2CF23B78009C24BA /* Lottie */,
				469421722CF721D70004FE29 /* SwiftyFORM */,
				4694217F2CF86EF90004FE29 /* Tabman */,
			);
			productName = iFlow;
			productReference = 4642E7012CEA25AE00A29AAD /* iFlow.app */;
			productType = "com.apple.product-type.application";
		};
/* End PBXNativeTarget section */

/* Begin PBXProject section */
		4642E6F92CEA25AE00A29AAD /* Project object */ = {
			isa = PBXProject;
			attributes = {
				BuildIndependentTargetsInParallel = 1;
				LastSwiftUpdateCheck = 1540;
				LastUpgradeCheck = 1540;
				TargetAttributes = {
					4642E7002CEA25AE00A29AAD = {
						CreatedOnToolsVersion = 15.4;
					};
				};
			};
			buildConfigurationList = 4642E6FC2CEA25AE00A29AAD /* Build configuration list for PBXProject "iFlow" */;
			compatibilityVersion = "Xcode 14.0";
			developmentRegion = en;
			hasScannedForEncodings = 0;
			knownRegions = (
				en,
				Base,
			);
			mainGroup = 4642E6F82CEA25AE00A29AAD;
			packageReferences = (
				4642E71D2CEA282D00A29AAD /* XCRemoteSwiftPackageReference "DynamicButton" */,
				4642E7202CEA29E200A29AAD /* XCRemoteSwiftPackageReference "SnapKit" */,
				4642E7232CEA2A0D00A29AAD /* XCRemoteSwiftPackageReference "Then" */,
				46BF6F5C2CF23B77009C24BA /* XCRemoteSwiftPackageReference "lottie-spm" */,
				469421712CF721D70004FE29 /* XCRemoteSwiftPackageReference "SwiftyFORM" */,
				4694217E2CF86EF90004FE29 /* XCRemoteSwiftPackageReference "Tabman" */,
			);
			productRefGroup = 4642E7022CEA25AE00A29AAD /* Products */;
			projectDirPath = "";
			projectRoot = "";
			targets = (
				4642E7002CEA25AE00A29AAD /* iFlow */,
			);
		};
/* End PBXProject section */

/* Begin PBXResourcesBuildPhase section */
		4642E6FF2CEA25AE00A29AAD /* Resources */ = {
			isa = PBXResourcesBuildPhase;
			buildActionMask = 2147483647;
			files = (
				4642E70E2CEA25AF00A29AAD /* Assets.xcassets in Resources */,
				4642E7112CEA25AF00A29AAD /* Base in Resources */,
			);
			runOnlyForDeploymentPostprocessing = 0;
		};
/* End PBXResourcesBuildPhase section */

/* Begin PBXSourcesBuildPhase section */
		4642E6FD2CEA25AE00A29AAD /* Sources */ = {
			isa = PBXSourcesBuildPhase;
			buildActionMask = 2147483647;
			files = (
				4694217D2CF86AFB0004FE29 /* HostFilterTabViewController.swift in Sources */,
				4642E7302CEA48DE00A29AAD /* CollectionHeaderView.swift in Sources */,
				4642E7092CEA25AE00A29AAD /* ViewController.swift in Sources */,
				4642E7052CEA25AE00A29AAD /* AppDelegate.swift in Sources */,
				4642E72A2CEA488000A29AAD /* FloatTabBarController.swift in Sources */,
				4642E7072CEA25AE00A29AAD /* SceneDelegate.swift in Sources */,
				4642E72C2CEA489F00A29AAD /* FloatTabBar.swift in Sources */,
				4642E71B2CEA279100A29AAD /* MainViewController.swift in Sources */,
				4642E72E2CEA48C200A29AAD /* GradientView.swift in Sources */,
				469421782CF80CF20004FE29 /* HostFilterViewController.swift in Sources */,
				4642E7282CEA485100A29AAD /* BoxCell.swift in Sources */,
			);
			runOnlyForDeploymentPostprocessing = 0;
		};
/* End PBXSourcesBuildPhase section */

/* Begin PBXVariantGroup section */
		4642E70F2CEA25AF00A29AAD /* LaunchScreen.storyboard */ = {
			isa = PBXVariantGroup;
			children = (
				4642E7102CEA25AF00A29AAD /* Base */,
			);
			name = LaunchScreen.storyboard;
			sourceTree = "<group>";
		};
/* End PBXVariantGroup section */

/* Begin XCBuildConfiguration section */
		4642E7132CEA25AF00A29AAD /* Debug */ = {
			isa = XCBuildConfiguration;
			buildSettings = {
				ALWAYS_SEARCH_USER_PATHS = NO;
				ASSETCATALOG_COMPILER_GENERATE_SWIFT_ASSET_SYMBOL_EXTENSIONS = YES;
				CLANG_ANALYZER_NONNULL = YES;
				CLANG_ANALYZER_NUMBER_OBJECT_CONVERSION = YES_AGGRESSIVE;
				CLANG_CXX_LANGUAGE_STANDARD = "gnu++20";
				CLANG_ENABLE_MODULES = YES;
				CLANG_ENABLE_OBJC_ARC = YES;
				CLANG_ENABLE_OBJC_WEAK = YES;
				CLANG_WARN_BLOCK_CAPTURE_AUTORELEASING = YES;
				CLANG_WARN_BOOL_CONVERSION = YES;
				CLANG_WARN_COMMA = YES;
				CLANG_WARN_CONSTANT_CONVERSION = YES;
				CLANG_WARN_DEPRECATED_OBJC_IMPLEMENTATIONS = YES;
				CLANG_WARN_DIRECT_OBJC_ISA_USAGE = YES_ERROR;
				CLANG_WARN_DOCUMENTATION_COMMENTS = YES;
				CLANG_WARN_EMPTY_BODY = YES;
				CLANG_WARN_ENUM_CONVERSION = YES;
				CLANG_WARN_INFINITE_RECURSION = YES;
				CLANG_WARN_INT_CONVERSION = YES;
				CLANG_WARN_NON_LITERAL_NULL_CONVERSION = YES;
				CLANG_WARN_OBJC_IMPLICIT_RETAIN_SELF = YES;
				CLANG_WARN_OBJC_LITERAL_CONVERSION = YES;
				CLANG_WARN_OBJC_ROOT_CLASS = YES_ERROR;
				CLANG_WARN_QUOTED_INCLUDE_IN_FRAMEWORK_HEADER = YES;
				CLANG_WARN_RANGE_LOOP_ANALYSIS = YES;
				CLANG_WARN_STRICT_PROTOTYPES = YES;
				CLANG_WARN_SUSPICIOUS_MOVE = YES;
				CLANG_WARN_UNGUARDED_AVAILABILITY = YES_AGGRESSIVE;
				CLANG_WARN_UNREACHABLE_CODE = YES;
				CLANG_WARN__DUPLICATE_METHOD_MATCH = YES;
				COPY_PHASE_STRIP = NO;
				DEBUG_INFORMATION_FORMAT = dwarf;
				ENABLE_STRICT_OBJC_MSGSEND = YES;
				ENABLE_TESTABILITY = YES;
				ENABLE_USER_SCRIPT_SANDBOXING = YES;
				GCC_C_LANGUAGE_STANDARD = gnu17;
				GCC_DYNAMIC_NO_PIC = NO;
				GCC_NO_COMMON_BLOCKS = YES;
				GCC_OPTIMIZATION_LEVEL = 0;
				GCC_PREPROCESSOR_DEFINITIONS = (
					"DEBUG=1",
					"$(inherited)",
				);
				GCC_WARN_64_TO_32_BIT_CONVERSION = YES;
				GCC_WARN_ABOUT_RETURN_TYPE = YES_ERROR;
				GCC_WARN_UNDECLARED_SELECTOR = YES;
				GCC_WARN_UNINITIALIZED_AUTOS = YES_AGGRESSIVE;
				GCC_WARN_UNUSED_FUNCTION = YES;
				GCC_WARN_UNUSED_VARIABLE = YES;
				IPHONEOS_DEPLOYMENT_TARGET = 17.5;
				LOCALIZATION_PREFERS_STRING_CATALOGS = YES;
				MTL_ENABLE_DEBUG_INFO = INCLUDE_SOURCE;
				MTL_FAST_MATH = YES;
				ONLY_ACTIVE_ARCH = YES;
				SDKROOT = iphoneos;
				SWIFT_ACTIVE_COMPILATION_CONDITIONS = "DEBUG $(inherited)";
				SWIFT_OPTIMIZATION_LEVEL = "-Onone";
			};
			name = Debug;
		};
		4642E7142CEA25AF00A29AAD /* Release */ = {
			isa = XCBuildConfiguration;
			buildSettings = {
				ALWAYS_SEARCH_USER_PATHS = NO;
				ASSETCATALOG_COMPILER_GENERATE_SWIFT_ASSET_SYMBOL_EXTENSIONS = YES;
				CLANG_ANALYZER_NONNULL = YES;
				CLANG_ANALYZER_NUMBER_OBJECT_CONVERSION = YES_AGGRESSIVE;
				CLANG_CXX_LANGUAGE_STANDARD = "gnu++20";
				CLANG_ENABLE_MODULES = YES;
				CLANG_ENABLE_OBJC_ARC = YES;
				CLANG_ENABLE_OBJC_WEAK = YES;
				CLANG_WARN_BLOCK_CAPTURE_AUTORELEASING = YES;
				CLANG_WARN_BOOL_CONVERSION = YES;
				CLANG_WARN_COMMA = YES;
				CLANG_WARN_CONSTANT_CONVERSION = YES;
				CLANG_WARN_DEPRECATED_OBJC_IMPLEMENTATIONS = YES;
				CLANG_WARN_DIRECT_OBJC_ISA_USAGE = YES_ERROR;
				CLANG_WARN_DOCUMENTATION_COMMENTS = YES;
				CLANG_WARN_EMPTY_BODY = YES;
				CLANG_WARN_ENUM_CONVERSION = YES;
				CLANG_WARN_INFINITE_RECURSION = YES;
				CLANG_WARN_INT_CONVERSION = YES;
				CLANG_WARN_NON_LITERAL_NULL_CONVERSION = YES;
				CLANG_WARN_OBJC_IMPLICIT_RETAIN_SELF = YES;
				CLANG_WARN_OBJC_LITERAL_CONVERSION = YES;
				CLANG_WARN_OBJC_ROOT_CLASS = YES_ERROR;
				CLANG_WARN_QUOTED_INCLUDE_IN_FRAMEWORK_HEADER = YES;
				CLANG_WARN_RANGE_LOOP_ANALYSIS = YES;
				CLANG_WARN_STRICT_PROTOTYPES = YES;
				CLANG_WARN_SUSPICIOUS_MOVE = YES;
				CLANG_WARN_UNGUARDED_AVAILABILITY = YES_AGGRESSIVE;
				CLANG_WARN_UNREACHABLE_CODE = YES;
				CLANG_WARN__DUPLICATE_METHOD_MATCH = YES;
				COPY_PHASE_STRIP = NO;
				DEBUG_INFORMATION_FORMAT = "dwarf-with-dsym";
				ENABLE_NS_ASSERTIONS = NO;
				ENABLE_STRICT_OBJC_MSGSEND = YES;
				ENABLE_USER_SCRIPT_SANDBOXING = YES;
				GCC_C_LANGUAGE_STANDARD = gnu17;
				GCC_NO_COMMON_BLOCKS = YES;
				GCC_WARN_64_TO_32_BIT_CONVERSION = YES;
				GCC_WARN_ABOUT_RETURN_TYPE = YES_ERROR;
				GCC_WARN_UNDECLARED_SELECTOR = YES;
				GCC_WARN_UNINITIALIZED_AUTOS = YES_AGGRESSIVE;
				GCC_WARN_UNUSED_FUNCTION = YES;
				GCC_WARN_UNUSED_VARIABLE = YES;
				IPHONEOS_DEPLOYMENT_TARGET = 17.5;
				LOCALIZATION_PREFERS_STRING_CATALOGS = YES;
				MTL_ENABLE_DEBUG_INFO = NO;
				MTL_FAST_MATH = YES;
				SDKROOT = iphoneos;
				SWIFT_COMPILATION_MODE = wholemodule;
				VALIDATE_PRODUCT = YES;
			};
			name = Release;
		};
		4642E7162CEA25AF00A29AAD /* Debug */ = {
			isa = XCBuildConfiguration;
			buildSettings = {
				ASSETCATALOG_COMPILER_APPICON_NAME = AppIcon;
				ASSETCATALOG_COMPILER_GLOBAL_ACCENT_COLOR_NAME = AccentColor;
				CODE_SIGN_STYLE = Automatic;
				CURRENT_PROJECT_VERSION = 1;
				DEVELOPMENT_TEAM = FVLFR9QYGC;
				GENERATE_INFOPLIST_FILE = YES;
				INFOPLIST_FILE = iFlow/Info.plist;
				INFOPLIST_KEY_UIApplicationSupportsIndirectInputEvents = YES;
				INFOPLIST_KEY_UILaunchStoryboardName = LaunchScreen;
				INFOPLIST_KEY_UISupportedInterfaceOrientations_iPad = "UIInterfaceOrientationPortrait UIInterfaceOrientationPortraitUpsideDown UIInterfaceOrientationLandscapeLeft UIInterfaceOrientationLandscapeRight";
				INFOPLIST_KEY_UISupportedInterfaceOrientations_iPhone = "UIInterfaceOrientationPortrait UIInterfaceOrientationLandscapeLeft UIInterfaceOrientationLandscapeRight";
				LD_RUNPATH_SEARCH_PATHS = (
					"$(inherited)",
					"@executable_path/Frameworks",
				);
				MARKETING_VERSION = 1.0;
				PRODUCT_BUNDLE_IDENTIFIER = mobi.iflow.app.iFlow;
				PRODUCT_NAME = "$(TARGET_NAME)";
				SWIFT_EMIT_LOC_STRINGS = YES;
				SWIFT_VERSION = 5.0;
				TARGETED_DEVICE_FAMILY = "1,2";
			};
			name = Debug;
		};
		4642E7172CEA25AF00A29AAD /* Release */ = {
			isa = XCBuildConfiguration;
			buildSettings = {
				ASSETCATALOG_COMPILER_APPICON_NAME = AppIcon;
				ASSETCATALOG_COMPILER_GLOBAL_ACCENT_COLOR_NAME = AccentColor;
				CODE_SIGN_STYLE = Automatic;
				CURRENT_PROJECT_VERSION = 1;
				DEVELOPMENT_TEAM = FVLFR9QYGC;
				GENERATE_INFOPLIST_FILE = YES;
				INFOPLIST_FILE = iFlow/Info.plist;
				INFOPLIST_KEY_UIApplicationSupportsIndirectInputEvents = YES;
				INFOPLIST_KEY_UILaunchStoryboardName = LaunchScreen;
				INFOPLIST_KEY_UISupportedInterfaceOrientations_iPad = "UIInterfaceOrientationPortrait UIInterfaceOrientationPortraitUpsideDown UIInterfaceOrientationLandscapeLeft UIInterfaceOrientationLandscapeRight";
				INFOPLIST_KEY_UISupportedInterfaceOrientations_iPhone = "UIInterfaceOrientationPortrait UIInterfaceOrientationLandscapeLeft UIInterfaceOrientationLandscapeRight";
				LD_RUNPATH_SEARCH_PATHS = (
					"$(inherited)",
					"@executable_path/Frameworks",
				);
				MARKETING_VERSION = 1.0;
				PRODUCT_BUNDLE_IDENTIFIER = mobi.iflow.app.iFlow;
				PRODUCT_NAME = "$(TARGET_NAME)";
				SWIFT_EMIT_LOC_STRINGS = YES;
				SWIFT_VERSION = 5.0;
				TARGETED_DEVICE_FAMILY = "1,2";
			};
			name = Release;
		};
/* End XCBuildConfiguration section */

/* Begin XCConfigurationList section */
		4642E6FC2CEA25AE00A29AAD /* Build configuration list for PBXProject "iFlow" */ = {
			isa = XCConfigurationList;
			buildConfigurations = (
				4642E7132CEA25AF00A29AAD /* Debug */,
				4642E7142CEA25AF00A29AAD /* Release */,
			);
			defaultConfigurationIsVisible = 0;
			defaultConfigurationName = Release;
		};
		4642E7152CEA25AF00A29AAD /* Build configuration list for PBXNativeTarget "iFlow" */ = {
			isa = XCConfigurationList;
			buildConfigurations = (
				4642E7162CEA25AF00A29AAD /* Debug */,
				4642E7172CEA25AF00A29AAD /* Release */,
			);
			defaultConfigurationIsVisible = 0;
			defaultConfigurationName = Release;
		};
/* End XCConfigurationList section */

/* Begin XCRemoteSwiftPackageReference section */
		4642E71D2CEA282D00A29AAD /* XCRemoteSwiftPackageReference "DynamicButton" */ = {
			isa = XCRemoteSwiftPackageReference;
			repositoryURL = "https://github.com/yannickl/DynamicButton.git";
			requirement = {
				kind = upToNextMajorVersion;
				minimumVersion = 6.2.1;
			};
		};
		4642E7202CEA29E200A29AAD /* XCRemoteSwiftPackageReference "SnapKit" */ = {
			isa = XCRemoteSwiftPackageReference;
			repositoryURL = "https://github.com/SnapKit/SnapKit.git";
			requirement = {
				kind = upToNextMajorVersion;
				minimumVersion = 5.7.1;
			};
		};
		4642E7232CEA2A0D00A29AAD /* XCRemoteSwiftPackageReference "Then" */ = {
			isa = XCRemoteSwiftPackageReference;
			repositoryURL = "https://github.com/devxoul/Then.git";
			requirement = {
				kind = upToNextMajorVersion;
				minimumVersion = 3.0.0;
			};
		};
		469421712CF721D70004FE29 /* XCRemoteSwiftPackageReference "SwiftyFORM" */ = {
			isa = XCRemoteSwiftPackageReference;
			repositoryURL = "https://github.com/neoneye/SwiftyFORM.git";
			requirement = {
				kind = upToNextMajorVersion;
				minimumVersion = 1.8.6;
			};
		};
		4694217E2CF86EF90004FE29 /* XCRemoteSwiftPackageReference "Tabman" */ = {
			isa = XCRemoteSwiftPackageReference;
			repositoryURL = "https://github.com/uias/Tabman.git";
			requirement = {
				kind = upToNextMajorVersion;
				minimumVersion = 3.2.0;
			};
		};
		46BF6F5C2CF23B77009C24BA /* XCRemoteSwiftPackageReference "lottie-spm" */ = {
			isa = XCRemoteSwiftPackageReference;
			repositoryURL = "https://github.com/airbnb/lottie-spm.git";
			requirement = {
				kind = upToNextMajorVersion;
				minimumVersion = 4.5.0;
			};
		};
/* End XCRemoteSwiftPackageReference section */

/* Begin XCSwiftPackageProductDependency section */
		4642E71E2CEA282D00A29AAD /* DynamicButton */ = {
			isa = XCSwiftPackageProductDependency;
			package = 4642E71D2CEA282D00A29AAD /* XCRemoteSwiftPackageReference "DynamicButton" */;
			productName = DynamicButton;
		};
		4642E7212CEA29E300A29AAD /* SnapKit */ = {
			isa = XCSwiftPackageProductDependency;
			package = 4642E7202CEA29E200A29AAD /* XCRemoteSwiftPackageReference "SnapKit" */;
			productName = SnapKit;
		};
		4642E7242CEA2A0D00A29AAD /* Then */ = {
			isa = XCSwiftPackageProductDependency;
			package = 4642E7232CEA2A0D00A29AAD /* XCRemoteSwiftPackageReference "Then" */;
			productName = Then;
		};
		469421722CF721D70004FE29 /* SwiftyFORM */ = {
			isa = XCSwiftPackageProductDependency;
			package = 469421712CF721D70004FE29 /* XCRemoteSwiftPackageReference "SwiftyFORM" */;
			productName = SwiftyFORM;
		};
		4694217F2CF86EF90004FE29 /* Tabman */ = {
			isa = XCSwiftPackageProductDependency;
			package = 4694217E2CF86EF90004FE29 /* XCRemoteSwiftPackageReference "Tabman" */;
			productName = Tabman;
		};
		46BF6F5D2CF23B78009C24BA /* Lottie */ = {
			isa = XCSwiftPackageProductDependency;
			package = 46BF6F5C2CF23B77009C24BA /* XCRemoteSwiftPackageReference "lottie-spm" */;
			productName = Lottie;
		};
/* End XCSwiftPackageProductDependency section */
	};
	rootObject = 4642E6F92CEA25AE00A29AAD /* Project object */;
}
