{
  "originHash" : "e93d22f89cba5b4765aaa4d7377a3e689b82ba78dd5684f437eb74c2390e8dcc",
  "pins" : [
    {
      "identity" : "dynamicbutton",
      "kind" : "remoteSourceControl",
      "location" : "https://github.com/yannickl/DynamicButton.git",
      "state" : {
        "revision" : "4fbd60e46a548e77fd118483bbb4e58d3c11c5ed",
        "version" : "6.2.1"
      }
    },
    {
      "identity" : "snapkit",
      "kind" : "remoteSourceControl",
      "location" : "https://github.com/SnapKit/SnapKit.git",
      "state" : {
        "revision" : "2842e6e84e82eb9a8dac0100ca90d9444b0307f4",
        "version" : "5.7.1"
      }
    },
    {
      "identity" : "then",
      "kind" : "remoteSourceControl",
      "location" : "https://github.com/devxoul/Then.git",
      "state" : {
        "revision" : "d41ef523faef0f911369f79c0b96815d9dbb6d7a",
        "version" : "3.0.0"
      }
    }
  ],
  "version" : 3
}
