{
  "originHash" : "310dee661e9ec41aa605fef5da78ea62ff433c2f64d966f9ab7b114e5b577b37",
  "pins" : [
    {
      "identity" : "dynamicbutton",
      "kind" : "remoteSourceControl",
      "location" : "https://github.com/yannickl/DynamicButton.git",
      "state" : {
        "revision" : "4fbd60e46a548e77fd118483bbb4e58d3c11c5ed",
        "version" : "6.2.1"
      }
    },
    {
      "identity" : "lottie-spm",
      "kind" : "remoteSourceControl",
      "location" : "https://github.com/airbnb/lottie-spm.git",
      "state" : {
        "revision" : "b842598f1295f3ffa1475b1580672d1fe5b83580",
        "version" : "4.5.0"
      }
    },
    {
      "identity" : "pageboy",
      "kind" : "remoteSourceControl",
      "location" : "https://github.com/uias/Pageboy",
      "state" : {
        "revision" : "be0c1f6f1964cfb07f9d819b0863f2c3f255f612",
        "version" : "4.2.0"
      }
    },
    {
      "identity" : "snapkit",
      "kind" : "remoteSourceControl",
      "location" : "https://github.com/SnapKit/SnapKit.git",
      "state" : {
        "revision" : "2842e6e84e82eb9a8dac0100ca90d9444b0307f4",
        "version" : "5.7.1"
      }
    },
    {
      "identity" : "swiftyform",
      "kind" : "remoteSourceControl",
      "location" : "https://github.com/neoneye/SwiftyFORM.git",
      "state" : {
        "revision" : "fa1b7aefb7e7f9c4040279f94dd38af75eeebd0b",
        "version" : "1.8.6"
      }
    },
    {
      "identity" : "tabman",
      "kind" : "remoteSourceControl",
      "location" : "https://github.com/uias/Tabman.git",
      "state" : {
        "revision" : "3b2213290eb93e55bb50b49d1a179033005c11ab",
        "version" : "3.2.0"
      }
    },
    {
      "identity" : "then",
      "kind" : "remoteSourceControl",
      "location" : "https://github.com/devxoul/Then.git",
      "state" : {
        "revision" : "d41ef523faef0f911369f79c0b96815d9dbb6d7a",
        "version" : "3.0.0"
      }
    }
  ],
  "version" : 3
}
